{
  "name": "@dazn/lambda-powertools-demo",
  "version": "0.1.0",
  "lockfileVersion": 1,
  "requires": true,
  "dependencies": {
    "@dazn/datadog-metrics": {
      "version": "1.3.1",
      "resolved": "https://registry.npmjs.org/@dazn/datadog-metrics/-/datadog-metrics-1.3.1.tgz",
      "integrity": "sha512-2wkU8PQ3Q/f5zUW4HRd2rU+oYv1GIofpSPm7VirQqKtf/csddSdM0qMySvxzGHt8M2yk3CQXQ7b2CmZ/lvN5nQ==",
      "requires": {
        "datadog-metrics": "^0.8.1"
      }
    },
    "@dazn/lambda-powertools-correlation-ids": {
      "version": "1.5.0",
      "resolved": "https://registry.npmjs.org/@dazn/lambda-powertools-correlation-ids/-/lambda-powertools-correlation-ids-1.5.0.tgz",
      "integrity": "sha512-3kRV0q4P4eh6F64Nh+oOWjXHncN24CkMUDfv5ovCPUrA7HfsEAn5ZY0RJaL9f2Zb0n+biKF4hZjC7z6JJIkeqA=="
    },
    "@dazn/lambda-powertools-http-client": {
      "version": "1.8.1",
      "resolved": "https://registry.npmjs.org/@dazn/lambda-powertools-http-client/-/lambda-powertools-http-client-1.8.1.tgz",
      "integrity": "sha512-bDstpKeIAKR+B0BoBzekEGJ+cKhgE3qaV//zigeFqZYywo05z0nS01JMdbLLY/VXvy2ckYYK+V+TeOuHKZ6exA==",
      "requires": {
        "@dazn/datadog-metrics": "^1.3.1",
        "@dazn/lambda-powertools-correlation-ids": "^1.5.0",
        "superagent": "^3.8.3",
        "superagent-promise": "^1.1.0"
      }
    },
    "@dazn/lambda-powertools-kinesis-client": {
      "version": "1.8.0",
      "resolved": "https://registry.npmjs.org/@dazn/lambda-powertools-kinesis-client/-/lambda-powertools-kinesis-client-1.8.0.tgz",
      "integrity": "sha512-kLfaZFta2h6cqcARdnsqaYLj3p+323AHDQFgyS3w510RPsQfMBAFgCsj0MB3GAIPqDvlpOHBxMRR3IpiJxD9MA==",
      "requires": {
        "@dazn/lambda-powertools-correlation-ids": "^1.5.0",
        "@dazn/lambda-powertools-logger": "^1.8.0",
        "aws-sdk": "^2.246.1"
      }
    },
    "@dazn/lambda-powertools-lambda-client": {
      "version": "1.8.0",
      "resolved": "https://registry.npmjs.org/@dazn/lambda-powertools-lambda-client/-/lambda-powertools-lambda-client-1.8.0.tgz",
      "integrity": "sha512-YMNjvJJD/hQBDJeiy/GamNJDNa1tdjJ4zLZNBe6nBaYwK9JvcSOuz6ccQAu1Wd/EDS099NKzxrQlXRbNvtSSlg==",
      "requires": {
        "@dazn/lambda-powertools-correlation-ids": "^1.5.0",
        "@dazn/lambda-powertools-logger": "^1.8.0",
        "aws-sdk": "^2.246.1"
      }
    },
    "@dazn/lambda-powertools-logger": {
      "version": "1.8.0",
      "resolved": "https://registry.npmjs.org/@dazn/lambda-powertools-logger/-/lambda-powertools-logger-1.8.0.tgz",
      "integrity": "sha512-GfBamuxRQ4rB7TsIIYZgYGrUuy1sGT9AQt4vtN01cQRYNJtUoMa/HQaqF0uM28KKE7CUY94kwot4gyxQO5+f4g==",
      "requires": {
        "@dazn/lambda-powertools-correlation-ids": "^1.5.0"
      }
    },
    "@dazn/lambda-powertools-middleware-correlation-ids": {
      "version": "1.8.0",
      "resolved": "https://registry.npmjs.org/@dazn/lambda-powertools-middleware-correlation-ids/-/lambda-powertools-middleware-correlation-ids-1.8.0.tgz",
      "integrity": "sha512-6tjy5WmgVDWSuIOZbcoF2r3YX0n2HzJaMzn5dRln/qQrgW7+9oebNIQ4y1PythcPNkS/8Lxf4IvuiQPbOcgMCg==",
      "requires": {
        "@dazn/lambda-powertools-correlation-ids": "^1.5.0",
        "@dazn/lambda-powertools-logger": "^1.8.0"
      }
    },
    "@dazn/lambda-powertools-middleware-log-timeout": {
      "version": "1.8.0",
      "resolved": "https://registry.npmjs.org/@dazn/lambda-powertools-middleware-log-timeout/-/lambda-powertools-middleware-log-timeout-1.8.0.tgz",
      "integrity": "sha512-3/DnVaAten2IwZqdT4ckzHJZmmzCNRvgM4II3c6zY4BUiZpQl4Mv3MOJdImnKNuvRXTDuUqqMFLnKvARLQVHCQ==",
      "requires": {
        "@dazn/lambda-powertools-logger": "^1.8.0"
      }
    },
    "@dazn/lambda-powertools-middleware-sample-logging": {
      "version": "1.8.0",
      "resolved": "https://registry.npmjs.org/@dazn/lambda-powertools-middleware-sample-logging/-/lambda-powertools-middleware-sample-logging-1.8.0.tgz",
      "integrity": "sha512-YajW0HGp2a34mAbgzPjJc+TIn+ze213Gd4JgFjo+mcbxLc54BoNyx3U5gjFwB1x2k7juRCUeNP3MmKZper5Oqw==",
      "requires": {
        "@dazn/lambda-powertools-correlation-ids": "^1.5.0",
        "@dazn/lambda-powertools-logger": "^1.8.0"
      }
    },
    "@dazn/lambda-powertools-pattern-basic": {
      "version": "1.8.0",
      "resolved": "https://registry.npmjs.org/@dazn/lambda-powertools-pattern-basic/-/lambda-powertools-pattern-basic-1.8.0.tgz",
      "integrity": "sha512-H/EyEGvjWDl/UhTToA15fA3xd8PqlX1oJ7dliS4NhSWNrVANQVcLOxA/HeY3XLI2IeD22UHBtpManuHd0fj5QA==",
      "requires": {
        "@dazn/lambda-powertools-middleware-correlation-ids": "^1.8.0",
        "@dazn/lambda-powertools-middleware-log-timeout": "^1.8.0",
        "@dazn/lambda-powertools-middleware-sample-logging": "^1.8.0",
        "middy": "^0.15.0"
      }
    },
    "@dazn/lambda-powertools-sns-client": {
      "version": "1.8.0",
      "resolved": "https://registry.npmjs.org/@dazn/lambda-powertools-sns-client/-/lambda-powertools-sns-client-1.8.0.tgz",
      "integrity": "sha512-YvJ9RLHEvnfPYYq5IwrA6ruxHOG35xi3x5qbLDYn6y6Ii7Fz8JA7odPf33QTA+McCDJ3YLceFuwcCo519+a1OA==",
      "requires": {
        "@dazn/lambda-powertools-correlation-ids": "^1.5.0",
        "aws-sdk": "^2.246.1"
      }
    },
    "@dazn/lambda-powertools-step-functions-client": {
      "version": "1.8.0",
      "resolved": "https://registry.npmjs.org/@dazn/lambda-powertools-step-functions-client/-/lambda-powertools-step-functions-client-1.8.0.tgz",
      "integrity": "sha512-GgupTK5a2afQucqLvYgmI5L15YsccXJ93cIeqck/P2ySWyu2zM6TNcxPB5O6LHavK7NntfUq1G0YzqBnjGbhiA==",
      "requires": {
        "@dazn/lambda-powertools-correlation-ids": "^1.5.0",
        "@dazn/lambda-powertools-logger": "^1.8.0",
        "aws-sdk": "^2.246.1"
      }
    },
    "@perform/dazn-datadog-metrics": {
      "version": "1.1.0",
      "resolved": "https://registry.npmjs.org/@perform/dazn-datadog-metrics/-/dazn-datadog-metrics-1.1.0.tgz",
      "integrity": "sha512-+hJglS6HIbVVxWuquehIzOkTaWsWrGSYJeH7KHH+OJtUIZ4ElBcl5nUU/UpDwyCbTtivnRT98utYwmcFKWh/bw==",
      "requires": {
        "datadog-metrics": "^0.8.1"
      }
    },
    "@types/aws-lambda": {
      "version": "8.10.31",
      "resolved": "https://registry.npmjs.org/@types/aws-lambda/-/aws-lambda-8.10.31.tgz",
      "integrity": "sha512-xcmOvzVILQoex1oR+vjKnBP3OJn+g92r3yVzeTSmRgLQwBvSOghRPRSx3rVMQivLzAIR6atxlVu3AV9bxc/hQw=="
    },
    "@types/http-errors": {
      "version": "1.6.1",
      "resolved": "https://registry.npmjs.org/@types/http-errors/-/http-errors-1.6.1.tgz",
      "integrity": "sha512-s+RHKSGc3r0m3YEE2UXomJYrpQaY9cDmNDLU2XvG1/LAZsQ7y8emYkTLfcw/ByDtcsTyRQKwr76Bj4PkN2hfWg=="
    },
    "ajv": {
      "version": "6.10.2",
      "resolved": "https://registry.npmjs.org/ajv/-/ajv-6.10.2.tgz",
      "integrity": "sha512-TXtUUEYHuaTEbLZWIKUr5pmBuhDLy+8KYtPYdcV8qC+pOZL+NKqYwvWSRrVXHn+ZmRRAu8vJTAznH7Oag6RVRw==",
      "requires": {
        "fast-deep-equal": "^2.0.1",
        "fast-json-stable-stringify": "^2.0.0",
        "json-schema-traverse": "^0.4.1",
        "uri-js": "^4.2.2"
      }
    },
    "ajv-i18n": {
      "version": "3.4.0",
      "resolved": "https://registry.npmjs.org/ajv-i18n/-/ajv-i18n-3.4.0.tgz",
      "integrity": "sha512-le1nxncADqYS+iriLqxnR3iRpyoLQLsnrc7CbbJ8K/E+75kn7uxPH3sz2/n3h5FFLT2cTXP4zDi4uTA2xNt4zQ=="
    },
    "ajv-keywords": {
      "version": "3.4.1",
      "resolved": "https://registry.npmjs.org/ajv-keywords/-/ajv-keywords-3.4.1.tgz",
      "integrity": "sha512-RO1ibKvd27e6FEShVFfPALuHI3WjSVNeK5FIsmme/LYRNxjKuNj+Dt7bucLa6NdSv3JcVTyMlm9kGR84z1XpaQ=="
    },
    "ansi-regex": {
      "version": "2.1.1",
      "resolved": "https://registry.npmjs.org/ansi-regex/-/ansi-regex-2.1.1.tgz",
      "integrity": "sha1-w7M6te42DYbg5ijwRorn7yfWVN8=",
      "dev": true
    },
    "ansi-styles": {
      "version": "2.2.1",
      "resolved": "https://registry.npmjs.org/ansi-styles/-/ansi-styles-2.2.1.tgz",
      "integrity": "sha1-tDLdM1i2NM914eRmQ2gkBTPB3b4=",
      "dev": true
    },
    "asynckit": {
      "version": "0.4.0",
      "resolved": "https://registry.npmjs.org/asynckit/-/asynckit-0.4.0.tgz",
      "integrity": "sha1-x57Zf380y48robyXkLzDZkdLS3k="
    },
    "aws-sdk": {
      "version": "2.259.1",
      "resolved": "https://registry.npmjs.org/aws-sdk/-/aws-sdk-2.259.1.tgz",
      "integrity": "sha512-z2/t30caHNadSKeasUTS8trgIoHuWtmOKEhQK72Bqtbbgviqw2++sDG1Gkbj7n7yRihmg+yPNUE6i+JG3vfDrA==",
      "requires": {
        "buffer": "4.9.1",
        "events": "1.1.1",
        "ieee754": "1.1.8",
        "jmespath": "0.15.0",
        "querystring": "0.2.0",
        "sax": "1.2.1",
        "url": "0.10.3",
        "uuid": "3.1.0",
        "xml2js": "0.4.17"
      },
      "dependencies": {
        "uuid": {
          "version": "3.1.0",
          "resolved": "https://registry.npmjs.org/uuid/-/uuid-3.1.0.tgz",
          "integrity": "sha512-DIWtzUkw04M4k3bf1IcpS2tngXEL26YUD2M0tMDUpnUrz2hgzUBlD55a4FjdLGPvfHxS6uluGWvaVEqgBcVa+g=="
        }
      }
    },
    "base64-js": {
      "version": "1.3.0",
      "resolved": "https://registry.npmjs.org/base64-js/-/base64-js-1.3.0.tgz",
      "integrity": "sha512-ccav/yGvoa80BQDljCxsmmQ3Xvx60/UpBIij5QN21W3wBi/hhIC9OoO+KLpu9IJTS9j4DRVJ3aDDF9cMSoa2lw=="
    },
    "bignumber.js": {
      "version": "1.1.1",
      "resolved": "https://registry.npmjs.org/bignumber.js/-/bignumber.js-1.1.1.tgz",
      "integrity": "sha1-GkFdmsAUwTJWrx/u2dGj5XF6jPc="
    },
    "bluebird": {
      "version": "3.5.1",
      "resolved": "https://registry.npmjs.org/bluebird/-/bluebird-3.5.1.tgz",
      "integrity": "sha512-MKiLiV+I1AA596t9w1sQJ8jkiSr5+ZKi0WKrYGUn6d1Fx+Ij4tIj+m2WMQSGczs5jZVxV339chE8iwk6F64wjA==",
      "dev": true
    },
    "buffer": {
      "version": "4.9.1",
      "resolved": "https://registry.npmjs.org/buffer/-/buffer-4.9.1.tgz",
      "integrity": "sha1-bRu2AbB6TvztlwlBMgkwJ8lbwpg=",
      "requires": {
        "base64-js": "^1.0.2",
        "ieee754": "^1.1.4",
        "isarray": "^1.0.0"
      }
    },
    "chalk": {
      "version": "1.1.3",
      "resolved": "https://registry.npmjs.org/chalk/-/chalk-1.1.3.tgz",
      "integrity": "sha1-qBFcVeSnAv5NFQq9OHKCKn4J/Jg=",
      "dev": true,
      "requires": {
        "ansi-styles": "^2.2.1",
        "escape-string-regexp": "^1.0.2",
        "has-ansi": "^2.0.0",
        "strip-ansi": "^3.0.0",
        "supports-color": "^2.0.0"
      }
    },
    "combined-stream": {
      "version": "1.0.8",
      "resolved": "https://registry.npmjs.org/combined-stream/-/combined-stream-1.0.8.tgz",
      "integrity": "sha512-FQN4MRfuJeHf7cBbBMJFXhKSDq+2kAArBlmRBvcvFE5BB1HZKXtSFASDhdlz9zOYwxh8lDdnvmMOe/+5cdoEdg==",
      "requires": {
        "delayed-stream": "~1.0.0"
      }
    },
    "component-emitter": {
      "version": "1.3.0",
      "resolved": "https://registry.npmjs.org/component-emitter/-/component-emitter-1.3.0.tgz",
      "integrity": "sha512-Rd3se6QB+sO1TwqZjscQrurpEPIfO0/yYnSin6Q/rD3mOutHvUrCAhJub3r90uNb+SESBuE0QYoB90YdfatsRg=="
    },
    "content-type": {
      "version": "1.0.4",
      "resolved": "https://registry.npmjs.org/content-type/-/content-type-1.0.4.tgz",
      "integrity": "sha512-hIP3EEPs8tB9AT1L+NUqtwOAps4mk2Zob89MWXMHjHWg9milF/j4osnnQLXBCBFBk/tvIG/tUc9mOUJiPBhPXA=="
    },
    "cookiejar": {
      "version": "2.1.2",
      "resolved": "https://registry.npmjs.org/cookiejar/-/cookiejar-2.1.2.tgz",
      "integrity": "sha512-Mw+adcfzPxcPeI+0WlvRrr/3lGVO0bD75SxX6811cxSh1Wbxx7xZBGK1eVtDf6si8rg2lhnUjsVLMFMfbRIuwA=="
    },
    "core-util-is": {
      "version": "1.0.2",
      "resolved": "https://registry.npmjs.org/core-util-is/-/core-util-is-1.0.2.tgz",
      "integrity": "sha1-tf1UIgqivFq1eqtxQMlAdUUDwac="
    },
    "datadog-metrics": {
      "version": "0.8.1",
      "resolved": "https://registry.npmjs.org/datadog-metrics/-/datadog-metrics-0.8.1.tgz",
      "integrity": "sha512-qTSKnddO6GxTJW9FYpmWjvvift3qfyMurDjwNjJnJhBk76pBdDhC0B5V9V+XwPdn4r42qu48kwXNuHJslXlDOA==",
      "requires": {
        "debug": "3.1.0",
        "dogapi": "1.1.0"
      }
    },
    "debug": {
      "version": "3.1.0",
      "resolved": "https://registry.npmjs.org/debug/-/debug-3.1.0.tgz",
      "integrity": "sha512-OX8XqP7/1a9cqkxYw2yXss15f26NKWBpDXQd0/uK/KPqdQhxbPa994hnzjcE2VqQpDslf55723cKPUOGSmMY3g==",
      "requires": {
        "ms": "2.0.0"
      }
    },
    "deep-extend": {
      "version": "0.6.0",
      "resolved": "https://registry.npmjs.org/deep-extend/-/deep-extend-0.6.0.tgz",
      "integrity": "sha512-LOHxIOaPYdHlJRtCQfDIVZtfw/ufM8+rVj649RIHzcm/vGwQRXFt6OPqIFWsm2XEMrNIEtWR64sY1LEKD2vAOA=="
    },
    "delayed-stream": {
      "version": "1.0.0",
      "resolved": "https://registry.npmjs.org/delayed-stream/-/delayed-stream-1.0.0.tgz",
      "integrity": "sha1-3zrhmayt+31ECqrgsp4icrJOxhk="
    },
    "depd": {
      "version": "1.1.2",
      "resolved": "https://registry.npmjs.org/depd/-/depd-1.1.2.tgz",
      "integrity": "sha1-m81S4UwJd2PnSbJ0xDRu0uVgtak="
    },
    "dogapi": {
      "version": "1.1.0",
      "resolved": "https://registry.npmjs.org/dogapi/-/dogapi-1.1.0.tgz",
      "integrity": "sha1-caQ4Za1LtMsYvD4Tz3aZcfUBAwo=",
      "requires": {
        "extend": "^3.0.0",
        "json-bigint": "^0.1.4",
        "minimist": "^1.1.1",
        "rc": "^1.0.0"
      }
    },
    "escape-string-regexp": {
      "version": "1.0.5",
      "resolved": "https://registry.npmjs.org/escape-string-regexp/-/escape-string-regexp-1.0.5.tgz",
      "integrity": "sha1-G2HAViGQqN/2rjuyzwIAyhMLhtQ=",
      "dev": true
    },
    "events": {
      "version": "1.1.1",
      "resolved": "https://registry.npmjs.org/events/-/events-1.1.1.tgz",
      "integrity": "sha1-nr23Y1rQmccNzEwqH1AEKI6L2SQ="
    },
    "extend": {
      "version": "3.0.1",
      "resolved": "https://registry.npmjs.org/extend/-/extend-3.0.1.tgz",
      "integrity": "sha1-p1Xqe8Gt/MWjHOfnYtuq3F5jZEQ="
    },
    "fast-deep-equal": {
      "version": "2.0.1",
      "resolved": "https://registry.npmjs.org/fast-deep-equal/-/fast-deep-equal-2.0.1.tgz",
      "integrity": "sha1-ewUhjd+WZ79/Nwv3/bLLFf3Qqkk="
    },
    "fast-json-stable-stringify": {
      "version": "2.0.0",
      "resolved": "https://registry.npmjs.org/fast-json-stable-stringify/-/fast-json-stable-stringify-2.0.0.tgz",
      "integrity": "sha1-1RQsDK7msRifh9OnYREGT4bIu/I="
    },
    "form-data": {
      "version": "2.5.0",
      "resolved": "https://registry.npmjs.org/form-data/-/form-data-2.5.0.tgz",
      "integrity": "sha512-WXieX3G/8side6VIqx44ablyULoGruSde5PNTxoUyo5CeyAMX6nVWUd0rgist/EuX655cjhUhTo1Fo3tRYqbcA==",
      "requires": {
        "asynckit": "^0.4.0",
        "combined-stream": "^1.0.6",
        "mime-types": "^2.1.12"
      }
    },
    "formidable": {
      "version": "1.2.1",
      "resolved": "https://registry.npmjs.org/formidable/-/formidable-1.2.1.tgz",
      "integrity": "sha512-Fs9VRguL0gqGHkXS5GQiMCr1VhZBxz0JnJs4JmMp/2jL18Fmbzvv7vOFRU+U8TBkHEE/CX1qDXzJplVULgsLeg=="
    },
    "has-ansi": {
      "version": "2.0.0",
      "resolved": "https://registry.npmjs.org/has-ansi/-/has-ansi-2.0.0.tgz",
      "integrity": "sha1-NPUEnOHs3ysGSa8+8k5F7TVBbZE=",
      "dev": true,
      "requires": {
        "ansi-regex": "^2.0.0"
      }
    },
    "http-errors": {
      "version": "1.7.3",
      "resolved": "https://registry.npmjs.org/http-errors/-/http-errors-1.7.3.tgz",
      "integrity": "sha512-ZTTX0MWrsQ2ZAhA1cejAwDLycFsd7I7nVtnkT3Ol0aqodaKW+0CTZDQ1uBv5whptCnc8e8HeRRJxRs0kmm/Qfw==",
      "requires": {
        "depd": "~1.1.2",
        "inherits": "2.0.4",
        "setprototypeof": "1.1.1",
        "statuses": ">= 1.5.0 < 2",
        "toidentifier": "1.0.0"
      }
    },
    "ieee754": {
      "version": "1.1.8",
      "resolved": "https://registry.npmjs.org/ieee754/-/ieee754-1.1.8.tgz",
      "integrity": "sha1-vjPUCsEO8ZJnAfbwii2G+/0a0+Q="
    },
    "inherits": {
      "version": "2.0.4",
      "resolved": "https://registry.npmjs.org/inherits/-/inherits-2.0.4.tgz",
      "integrity": "sha512-k/vGaX4/Yla3WzyMCvTQOXYeIHvqOKtnqBduzTHpzpQZzAskKMhZ2K+EnBiSM9zGSoIFeMpXKxa4dYeZIQqewQ=="
    },
    "ini": {
      "version": "1.3.5",
      "resolved": "https://registry.npmjs.org/ini/-/ini-1.3.5.tgz",
      "integrity": "sha512-RZY5huIKCMRWDUqZlEi72f/lmXKMvuszcMBduliQ3nnWbx9X/ZBQO7DijMEYS9EhHBb2qacRUMtC7svLwe0lcw=="
    },
    "isarray": {
      "version": "1.0.0",
      "resolved": "https://registry.npmjs.org/isarray/-/isarray-1.0.0.tgz",
      "integrity": "sha1-u5NdSFgsuhaMBoNJV6VKPgcSTxE="
    },
    "jmespath": {
      "version": "0.15.0",
      "resolved": "https://registry.npmjs.org/jmespath/-/jmespath-0.15.0.tgz",
      "integrity": "sha1-o/Iiqarp+Wb10nx5ZRDigJF2Qhc="
    },
    "json-bigint": {
      "version": "0.1.4",
      "resolved": "https://registry.npmjs.org/json-bigint/-/json-bigint-0.1.4.tgz",
      "integrity": "sha1-tdQLipAJ6S8Vf3wHnbCXABgw4B4=",
      "requires": {
        "bignumber.js": "~1.1.1"
      }
    },
    "json-mask": {
      "version": "0.3.8",
      "resolved": "https://registry.npmjs.org/json-mask/-/json-mask-0.3.8.tgz",
      "integrity": "sha1-LWZBXeFLDovGwVFFVKkL/Kg1aUE="
    },
    "json-schema-traverse": {
      "version": "0.4.1",
      "resolved": "https://registry.npmjs.org/json-schema-traverse/-/json-schema-traverse-0.4.1.tgz",
      "integrity": "sha512-xbbCH5dCYU5T8LcEhhuh7HJ88HXuW3qsI3Y0zOZFKfZEHcpWiHU/Jxzk629Brsab/mMiHQti9wMP+845RPe3Vg=="
    },
    "lodash": {
      "version": "4.17.10",
      "resolved": "https://registry.npmjs.org/lodash/-/lodash-4.17.10.tgz",
      "integrity": "sha512-UejweD1pDoXu+AD825lWwp4ZGtSwgnpZxb3JDViD7StjQz+Nb/6l093lx4OQ0foGWNRoc19mWy7BzL+UAK2iVg=="
    },
    "methods": {
      "version": "1.1.2",
      "resolved": "https://registry.npmjs.org/methods/-/methods-1.1.2.tgz",
      "integrity": "sha1-VSmk1nZUE07cxSZmVoNbD4Ua/O4="
    },
    "middy": {
      "version": "0.15.10",
      "resolved": "https://registry.npmjs.org/middy/-/middy-0.15.10.tgz",
      "integrity": "sha1-RbBik/LxcgTXTYeJS6TrbhyDuVI=",
      "requires": {
        "@types/aws-lambda": "^8.10.1",
        "@types/http-errors": "^1.6.1",
        "ajv": "^6.0.0",
        "ajv-i18n": "^3.1.0",
        "ajv-keywords": "^3.0.0",
        "content-type": "^1.0.4",
        "http-errors": "^1.6.2",
        "json-mask": "^0.3.8",
        "negotiator": "^0.6.1",
        "once": "^1.4.0",
        "qs": "^6.5.0",
        "querystring": "^0.2.0"
      }
    },
    "mime": {
      "version": "1.6.0",
      "resolved": "https://registry.npmjs.org/mime/-/mime-1.6.0.tgz",
      "integrity": "sha512-x0Vn8spI+wuJ1O6S7gnbaQg8Pxh4NNHb7KSINmEWKiPE4RKOplvijn+NkmYmmRgP68mc70j2EbeTFRsrswaQeg=="
    },
    "mime-db": {
      "version": "1.40.0",
      "resolved": "https://registry.npmjs.org/mime-db/-/mime-db-1.40.0.tgz",
      "integrity": "sha512-jYdeOMPy9vnxEqFRRo6ZvTZ8d9oPb+k18PKoYNYUe2stVEBPPwsln/qWzdbmaIvnhZ9v2P+CuecK+fpUfsV2mA=="
    },
    "mime-types": {
      "version": "2.1.24",
      "resolved": "https://registry.npmjs.org/mime-types/-/mime-types-2.1.24.tgz",
      "integrity": "sha512-WaFHS3MCl5fapm3oLxU4eYDw77IQM2ACcxQ9RIxfaC3ooc6PFuBMGZZsYpvoXS5D5QTWPieo1jjLdAm3TBP3cQ==",
      "requires": {
        "mime-db": "1.40.0"
      }
    },
    "minimist": {
      "version": "1.2.0",
      "resolved": "https://registry.npmjs.org/minimist/-/minimist-1.2.0.tgz",
      "integrity": "sha1-o1AIsg9BOD7sH7kU9M1d95omQoQ="
    },
    "ms": {
      "version": "2.0.0",
      "resolved": "https://registry.npmjs.org/ms/-/ms-2.0.0.tgz",
      "integrity": "sha1-VgiurfwAvmwpAd9fmGF4jeDVl8g="
    },
    "negotiator": {
      "version": "0.6.2",
      "resolved": "https://registry.npmjs.org/negotiator/-/negotiator-0.6.2.tgz",
      "integrity": "sha512-hZXc7K2e+PgeI1eDBe/10Ard4ekbfrrqG8Ep+8Jmf4JID2bNg7NvCPOZN+kfF574pFQI7mum2AUqDidoKqcTOw=="
    },
    "once": {
      "version": "1.4.0",
      "resolved": "https://registry.npmjs.org/once/-/once-1.4.0.tgz",
      "integrity": "sha1-WDsap3WWHUsROsF9nFC6753Xa9E=",
      "requires": {
        "wrappy": "1"
      }
    },
    "process-nextick-args": {
      "version": "2.0.1",
      "resolved": "https://registry.npmjs.org/process-nextick-args/-/process-nextick-args-2.0.1.tgz",
      "integrity": "sha512-3ouUOpQhtgrbOa17J7+uxOTpITYWaGP7/AhoR3+A+/1e9skrzelGi/dXzEYyvbxubEF6Wn2ypscTKiKJFFn1ag=="
    },
    "punycode": {
      "version": "1.3.2",
      "resolved": "https://registry.npmjs.org/punycode/-/punycode-1.3.2.tgz",
      "integrity": "sha1-llOgNvt8HuQjQvIyXM7v6jkmxI0="
    },
    "qs": {
      "version": "6.7.0",
      "resolved": "https://registry.npmjs.org/qs/-/qs-6.7.0.tgz",
      "integrity": "sha512-VCdBRNFTX1fyE7Nb6FYoURo/SPe62QCaAyzJvUjwRaIsc+NePBEniHlvxFmmX56+HZphIGtV0XeCirBtpDrTyQ=="
    },
    "querystring": {
      "version": "0.2.0",
      "resolved": "https://registry.npmjs.org/querystring/-/querystring-0.2.0.tgz",
      "integrity": "sha1-sgmEkgO7Jd+CDadW50cAWHhSFiA="
    },
    "rc": {
      "version": "1.2.8",
      "resolved": "https://registry.npmjs.org/rc/-/rc-1.2.8.tgz",
      "integrity": "sha512-y3bGgqKj3QBdxLbLkomlohkvsA8gdAiUQlSBJnBhfn+BPxg4bc62d8TcBW15wavDfgexCgccckhcZvywyQYPOw==",
      "requires": {
        "deep-extend": "^0.6.0",
        "ini": "~1.3.0",
        "minimist": "^1.2.0",
        "strip-json-comments": "~2.0.1"
      }
    },
    "readable-stream": {
      "version": "2.3.6",
      "resolved": "https://registry.npmjs.org/readable-stream/-/readable-stream-2.3.6.tgz",
      "integrity": "sha512-tQtKA9WIAhBF3+VLAseyMqZeBjW0AHJoxOtYqSUZNJxauErmLbVm2FW1y+J/YA9dUrAC39ITejlZWhVIwawkKw==",
      "requires": {
        "core-util-is": "~1.0.0",
        "inherits": "~2.0.3",
        "isarray": "~1.0.0",
        "process-nextick-args": "~2.0.0",
        "safe-buffer": "~5.1.1",
        "string_decoder": "~1.1.1",
        "util-deprecate": "~1.0.1"
      }
    },
    "safe-buffer": {
      "version": "5.1.2",
      "resolved": "https://registry.npmjs.org/safe-buffer/-/safe-buffer-5.1.2.tgz",
      "integrity": "sha512-Gd2UZBJDkXlY7GbJxfsE8/nvKkUEU1G38c1siN6QP6a9PT9MmHB8GnpscSmMJSoF8LOIrt8ud/wPtojys4G6+g=="
    },
    "sax": {
      "version": "1.2.1",
      "resolved": "https://registry.npmjs.org/sax/-/sax-1.2.1.tgz",
      "integrity": "sha1-e45lYZCyKOgaZq6nSEgNgozS03o="
    },
    "serverless-iam-roles-per-function": {
      "version": "1.0.1",
      "resolved": "https://registry.npmjs.org/serverless-iam-roles-per-function/-/serverless-iam-roles-per-function-1.0.1.tgz",
      "integrity": "sha512-UMbsQ7CG6T9u0EmJZ5sb43+Eue64MeyBonrfMGp/hUq4pmhoG5EwLH6yDY41dBtvrA7vhN5oL0lU28xbjFoh9A==",
      "dev": true,
      "requires": {
        "lodash": "^4.17.10"
      }
    },
    "serverless-pseudo-parameters": {
      "version": "1.6.0",
      "resolved": "https://registry.npmjs.org/serverless-pseudo-parameters/-/serverless-pseudo-parameters-1.6.0.tgz",
      "integrity": "sha512-U0AGzs8qJNAYyp5pntd9W5zKGu3Vxw9YYFgsKpxz/FCNVbSppqMNOjfb2X2mSi6x531QSNs99Twcbeg/lK6hBg==",
      "dev": true
    },
    "serverless-step-functions": {
      "version": "1.4.0",
      "resolved": "https://registry.npmjs.org/serverless-step-functions/-/serverless-step-functions-1.4.0.tgz",
      "integrity": "sha512-rJLXlJSZ8F6KLuJmqWRlT9uXBuTFIG8ySKPF4hqRdURicbElySMqmpNN0SkZp9HfdM3AB1IYEuPYQd45lKyP2A==",
      "dev": true,
      "requires": {
        "aws-sdk": "^2.7.19",
        "bluebird": "^3.4.0",
        "chalk": "^1.1.1",
        "lodash": "^4.13.1"
      }
    },
    "setprototypeof": {
      "version": "1.1.1",
      "resolved": "https://registry.npmjs.org/setprototypeof/-/setprototypeof-1.1.1.tgz",
      "integrity": "sha512-JvdAWfbXeIGaZ9cILp38HntZSFSo3mWg6xGcJJsd+d4aRMOqauag1C63dJfDw7OaMYwEbHMOxEZ1lqVRYP2OAw=="
    },
    "statuses": {
      "version": "1.5.0",
      "resolved": "https://registry.npmjs.org/statuses/-/statuses-1.5.0.tgz",
      "integrity": "sha1-Fhx9rBd2Wf2YEfQ3cfqZOBR4Yow="
    },
    "string_decoder": {
      "version": "1.1.1",
      "resolved": "https://registry.npmjs.org/string_decoder/-/string_decoder-1.1.1.tgz",
      "integrity": "sha512-n/ShnvDi6FHbbVfviro+WojiFzv+s8MPMHBczVePfUpDJLwoLT0ht1l4YwBCbi8pJAveEEdnkHyPyTP/mzRfwg==",
      "requires": {
        "safe-buffer": "~5.1.0"
      }
    },
    "strip-ansi": {
      "version": "3.0.1",
      "resolved": "https://registry.npmjs.org/strip-ansi/-/strip-ansi-3.0.1.tgz",
      "integrity": "sha1-ajhfuIU9lS1f8F0Oiq+UJ43GPc8=",
      "dev": true,
      "requires": {
        "ansi-regex": "^2.0.0"
      }
    },
    "strip-json-comments": {
      "version": "2.0.1",
      "resolved": "https://registry.npmjs.org/strip-json-comments/-/strip-json-comments-2.0.1.tgz",
      "integrity": "sha1-PFMZQukIwml8DsNEhYwobHygpgo="
    },
    "superagent": {
      "version": "3.8.3",
      "resolved": "https://registry.npmjs.org/superagent/-/superagent-3.8.3.tgz",
      "integrity": "sha512-GLQtLMCoEIK4eDv6OGtkOoSMt3D+oq0y3dsxMuYuDvaNUvuT8eFBuLmfR0iYYzHC1e8hpzC6ZsxbuP6DIalMFA==",
      "requires": {
        "component-emitter": "^1.2.0",
        "cookiejar": "^2.1.0",
        "debug": "^3.1.0",
        "extend": "^3.0.0",
        "form-data": "^2.3.1",
        "formidable": "^1.2.0",
        "methods": "^1.1.1",
        "mime": "^1.4.1",
        "qs": "^6.5.1",
        "readable-stream": "^2.3.5"
      }
    },
    "superagent-promise": {
      "version": "1.1.0",
      "resolved": "https://registry.npmjs.org/superagent-promise/-/superagent-promise-1.1.0.tgz",
      "integrity": "sha1-uvIti73UOamwfdEPjAj1T+JQNTM="
    },
    "supports-color": {
      "version": "2.0.0",
      "resolved": "https://registry.npmjs.org/supports-color/-/supports-color-2.0.0.tgz",
      "integrity": "sha1-U10EXOa2Nj+kARcIRimZXp3zJMc=",
      "dev": true
    },
    "toidentifier": {
      "version": "1.0.0",
      "resolved": "https://registry.npmjs.org/toidentifier/-/toidentifier-1.0.0.tgz",
      "integrity": "sha512-yaOH/Pk/VEhBWWTlhI+qXxDFXlejDGcQipMlyxda9nthulaxLZUNcUqFxokp0vcYnvteJln5FNQDRrxj3YcbVw=="
    },
    "uri-js": {
      "version": "4.2.2",
      "resolved": "https://registry.npmjs.org/uri-js/-/uri-js-4.2.2.tgz",
      "integrity": "sha512-KY9Frmirql91X2Qgjry0Wd4Y+YTdrdZheS8TFwvkbLWf/G5KNJDCh6pKL5OZctEW4+0Baa5idK2ZQuELRwPznQ==",
      "requires": {
        "punycode": "^2.1.0"
      },
      "dependencies": {
        "punycode": {
          "version": "2.1.1",
          "resolved": "https://registry.npmjs.org/punycode/-/punycode-2.1.1.tgz",
          "integrity": "sha512-XRsRjdf+j5ml+y/6GKHPZbrF/8p2Yga0JPtdqTIY2Xe5ohJPD9saDJJLPvp9+NSBprVvevdXZybnj2cv8OEd0A=="
        }
      }
    },
    "url": {
      "version": "0.10.3",
      "resolved": "https://registry.npmjs.org/url/-/url-0.10.3.tgz",
      "integrity": "sha1-Ah5NnHcF8hu/N9A861h2dAJ3TGQ=",
      "requires": {
        "punycode": "1.3.2",
        "querystring": "0.2.0"
      }
    },
    "util-deprecate": {
      "version": "1.0.2",
      "resolved": "https://registry.npmjs.org/util-deprecate/-/util-deprecate-1.0.2.tgz",
      "integrity": "sha1-RQ1Nyfpw3nMnYvvS1KKJgUGaDM8="
    },
    "uuid": {
      "version": "3.2.1",
      "resolved": "https://registry.npmjs.org/uuid/-/uuid-3.2.1.tgz",
      "integrity": "sha512-jZnMwlb9Iku/O3smGWvZhauCf6cvvpKi4BKRiliS3cxnI+Gz9j5MEpTz2UFuXiKPJocb7gnsLHwiS05ige5BEA=="
    },
    "wrappy": {
      "version": "1.0.2",
      "resolved": "https://registry.npmjs.org/wrappy/-/wrappy-1.0.2.tgz",
      "integrity": "sha1-tSQ9jz7BqjXxNkYFvA0QNuMKtp8="
    },
    "xml2js": {
      "version": "0.4.17",
      "resolved": "https://registry.npmjs.org/xml2js/-/xml2js-0.4.17.tgz",
      "integrity": "sha1-F76T6q4/O3eTWceVtBlwWogX6Gg=",
      "requires": {
        "sax": ">=0.6.0",
        "xmlbuilder": "^4.1.0"
      }
    },
    "xmlbuilder": {
      "version": "4.2.1",
      "resolved": "https://registry.npmjs.org/xmlbuilder/-/xmlbuilder-4.2.1.tgz",
      "integrity": "sha1-qlijBBoGb5DqoWwvU4n/GfP0YaU=",
      "requires": {
        "lodash": "^4.0.0"
      }
    }
  }
}
