{
  "name": "@perform/lambda-powertools-logger",
  "version": "1.1.7",
  "lockfileVersion": 1,
  "requires": true,
  "dependencies": {
    "@perform/lambda-powertools-correlation-ids": {
      "version": "1.1.7",
      "resolved": "https://registry.npmjs.org/@perform/lambda-powertools-correlation-ids/-/lambda-powertools-correlation-ids-1.1.7.tgz",
      "integrity": "sha512-mGln4U90w9a0AcNsBUZBYIeUC95+kLnUoPEUcFA6rE93582OoqsVcSyx0qt8vtGGqId6BpX+3O5WN/v30SwNiw=="
    },
    "circular-json": {
      "version": "0.5.9",
      "resolved": "https://registry.npmjs.org/circular-json/-/circular-json-0.5.9.tgz",
      "integrity": "sha512-4ivwqHpIFJZBuhN3g/pEcdbnGUywkBblloGbkglyloVjjR3uT6tieI89MVOfbP2tHX5sgb01FuLgAOzebNlJNQ=="
    }
  }
}
