{
	"name": "@buyerassist/dazn-lambda-powertools-pattern-basic",
	"version": "1.29.4",
	"lockfileVersion": 2,
	"requires": true,
	"packages": {
		"": {
			"name": "@buyerassist/dazn-lambda-powertools-pattern-basic",
			"version": "1.29.2",
			"license": "MIT",
			"dependencies": {
				"@middy/core": "^2.1.0"
			},
			"devDependencies": {
				"@types/aws-lambda": "^8.10.57"
			}
		},
		"node_modules/@middy/core": {
			"version": "2.1.0",
			"resolved": "https://registry.npmjs.org/@middy/core/-/core-2.1.0.tgz",
			"integrity": "sha512-GKPQ/a2Kc4mm1yG6zMYioTLIxIDOOeY0ttZumSdG5eYN7dCQCL3JVhw5yKw6Tx8aYbgPbnV3ZjXTNQN1761l3g==",
			"engines": {
				"node": ">=12"
			}
		},
		"node_modules/@types/aws-lambda": {
			"version": "8.10.57",
			"resolved": "https://registry.npmjs.org/@types/aws-lambda/-/aws-lambda-8.10.57.tgz",
			"integrity": "sha512-LMOA9bJLerYoe2KvzHugfaLTa0jUPWrqwxq5VUZ/ZuAMKLJm6oNdCio38vw8jWEIAkPR3P6mBIwnU1DPgelAKg==",
			"dev": true
		}
	},
	"dependencies": {
		"@middy/core": {
			"version": "2.1.0",
			"resolved": "https://registry.npmjs.org/@middy/core/-/core-2.1.0.tgz",
			"integrity": "sha512-GKPQ/a2Kc4mm1yG6zMYioTLIxIDOOeY0ttZumSdG5eYN7dCQCL3JVhw5yKw6Tx8aYbgPbnV3ZjXTNQN1761l3g=="
		},
		"@types/aws-lambda": {
			"version": "8.10.57",
			"resolved": "https://registry.npmjs.org/@types/aws-lambda/-/aws-lambda-8.10.57.tgz",
			"integrity": "sha512-LMOA9bJLerYoe2KvzHugfaLTa0jUPWrqwxq5VUZ/ZuAMKLJm6oNdCio38vw8jWEIAkPR3P6mBIwnU1DPgelAKg==",
			"dev": true
		}
	}
}
