{
  "name": "@dazn/lambda-powertools-pattern-basic",
  "version": "1.27.0",
  "lockfileVersion": 1,
  "requires": true,
  "dependencies": {
    "@dazn/lambda-powertools-correlation-ids": {
      "version": "1.24.1",
      "resolved": "https://registry.npmjs.org/@dazn/lambda-powertools-correlation-ids/-/lambda-powertools-correlation-ids-1.24.1.tgz",
      "integrity": "sha512-03kwqDKpeuPDtOzRl+cGN+1g4AJ5sXubMla+ph4p3FqZRkcCOTWRrNoX+O+NMTRWZOojyhAi+comaoHMaEVY0A=="
    },
    "@dazn/lambda-powertools-logger": {
      "version": "1.24.1",
      "resolved": "https://registry.npmjs.org/@dazn/lambda-powertools-logger/-/lambda-powertools-logger-1.24.1.tgz",
      "integrity": "sha512-nAYPnF0XWZ/WUY1TA06EFaX35djpCPWpRWIbmQZFBo/AKn8ekR2EpqYKduUTBnbC5IKPiTKFQgfk1togF+RFEg==",
      "requires": {
        "@dazn/lambda-powertools-correlation-ids": "^1.24.1"
      }
    },
    "@dazn/lambda-powertools-middleware-correlation-ids": {
      "version": "1.24.1",
      "resolved": "https://registry.npmjs.org/@dazn/lambda-powertools-middleware-correlation-ids/-/lambda-powertools-middleware-correlation-ids-1.24.1.tgz",
      "integrity": "sha512-5+owQuIG4ps1EtYrPr269HkTQBCkfSwnfXuxoNJ0ZJWDbA0g5Ol0N2WmFjxvA5bLzG+DVO3zKdv1Bpq8ub0GSQ==",
      "requires": {
        "@dazn/lambda-powertools-correlation-ids": "^1.24.1",
        "@dazn/lambda-powertools-logger": "^1.24.1"
      }
    },
    "@dazn/lambda-powertools-middleware-log-timeout": {
      "version": "1.24.1",
      "resolved": "https://registry.npmjs.org/@dazn/lambda-powertools-middleware-log-timeout/-/lambda-powertools-middleware-log-timeout-1.24.1.tgz",
      "integrity": "sha512-015W29kYj3bdLWn3EZqcWzJ0Rvn1J3e+CIB6fdIEiaXujfb62zURUrdemufCZzZ8VXo5TZ/o//Qqwsjpk9QP3w==",
      "requires": {
        "@dazn/lambda-powertools-logger": "^1.24.1"
      }
    },
    "@dazn/lambda-powertools-middleware-sample-logging": {
      "version": "1.24.1",
      "resolved": "https://registry.npmjs.org/@dazn/lambda-powertools-middleware-sample-logging/-/lambda-powertools-middleware-sample-logging-1.24.1.tgz",
      "integrity": "sha512-oTjNCTudG9xwBnl/0TixSFbNZ5G95BOocp7FG3mY+NGpKS7ik0w1fexMbev3dRXecApU8UiEzB/devZkCoUnWQ==",
      "requires": {
        "@dazn/lambda-powertools-correlation-ids": "^1.24.1",
        "@dazn/lambda-powertools-logger": "^1.24.1"
      }
    },
    "@middy/core": {
      "version": "1.0.0",
      "resolved": "https://registry.npmjs.org/@middy/core/-/core-1.0.0.tgz",
      "integrity": "sha512-97niLTWQMK/zixQoFdkpVzskxkkj5r+TdYABOHFN1GittBcqVFZ/4dEKissmL1eQASIb/70RpHlbcDxWQfoPCA==",
      "requires": {
        "once": "^1.4.0"
      }
    },
    "@types/aws-lambda": {
      "version": "8.10.57",
      "resolved": "https://registry.npmjs.org/@types/aws-lambda/-/aws-lambda-8.10.57.tgz",
      "integrity": "sha512-LMOA9bJLerYoe2KvzHugfaLTa0jUPWrqwxq5VUZ/ZuAMKLJm6oNdCio38vw8jWEIAkPR3P6mBIwnU1DPgelAKg==",
      "dev": true
    },
    "once": {
      "version": "1.4.0",
      "resolved": "https://registry.npmjs.org/once/-/once-1.4.0.tgz",
      "integrity": "sha1-WDsap3WWHUsROsF9nFC6753Xa9E=",
      "requires": {
        "wrappy": "1"
      }
    },
    "wrappy": {
      "version": "1.0.2",
      "resolved": "https://registry.npmjs.org/wrappy/-/wrappy-1.0.2.tgz",
      "integrity": "sha1-tSQ9jz7BqjXxNkYFvA0QNuMKtp8="
    }
  }
}
