{
  "name": "dazn-lambda-powertools-layer",
  "version": "1.29.0",
  "lockfileVersion": 1,
  "requires": true,
  "dependencies": {
    "@dazn/datadog-metrics": {
      "version": "1.5.0",
      "resolved": "https://registry.npmjs.org/@dazn/datadog-metrics/-/datadog-metrics-1.5.0.tgz",
      "integrity": "sha512-KKuV3fedJD+FyCzq9+Rcnbt+6gD8P+Ma3PLENsSIGlWzkaEaCR2iRSkh8DCcO7xTbrYF8YAPnpojipNgfzYxZQ==",
      "requires": {
        "datadog-metrics": "^0.8.1"
      }
    },
    "@dazn/lambda-powertools-correlation-ids": {
      "version": "1.28.1",
      "resolved": "https://registry.npmjs.org/@dazn/lambda-powertools-correlation-ids/-/lambda-powertools-correlation-ids-1.28.1.tgz",
      "integrity": "sha512-/RZUT5ZlVcQxsWi+OolEwXUIsXHqffNeZ+eY4Je23s9VcztuqHuHeyrlJh1m5Kg76EsvQTq+5b1xvjf3J/6A1Q=="
    },
    "@dazn/lambda-powertools-dynamodb-client": {
      "version": "1.28.1",
      "resolved": "https://registry.npmjs.org/@dazn/lambda-powertools-dynamodb-client/-/lambda-powertools-dynamodb-client-1.28.1.tgz",
      "integrity": "sha512-AhJmS99iPrLiR+16tBKNv69UxNWkoXZ8dGiS3rGZgu7ZmHgmgqS0BaHcwBFch4wWUBWLmxlG8VLcX9GTErr6QQ==",
      "requires": {
        "@dazn/lambda-powertools-correlation-ids": "^1.28.1",
        "lodash.chunk": "^4.2.0"
      }
    },
    "@dazn/lambda-powertools-firehose-client": {
      "version": "1.28.1",
      "resolved": "https://registry.npmjs.org/@dazn/lambda-powertools-firehose-client/-/lambda-powertools-firehose-client-1.28.1.tgz",
      "integrity": "sha512-/c1gdMFn145qCdEogZEYo9+QZLKSfNOz6EuzxwecCtNFNJcadjCA1cP3vzsgIraCwEeSc/1emrwiEII82i26BA==",
      "requires": {
        "@dazn/lambda-powertools-correlation-ids": "^1.28.1",
        "@dazn/lambda-powertools-logger": "^1.28.1"
      }
    },
    "@dazn/lambda-powertools-http-client": {
      "version": "1.28.1",
      "resolved": "https://registry.npmjs.org/@dazn/lambda-powertools-http-client/-/lambda-powertools-http-client-1.28.1.tgz",
      "integrity": "sha512-r3Fb03UArrrntoCkyyNJTTluge4vZZN3sY9mS4P8Nw77s9+2RRxj+nMpKCxBUhGWbnlmMIzElAyzAsgGy9Il+A==",
      "requires": {
        "@dazn/datadog-metrics": "^1.3.1",
        "@dazn/lambda-powertools-correlation-ids": "^1.28.1",
        "superagent": "^3.8.3",
        "superagent-promise": "^1.1.0"
      }
    },
    "@dazn/lambda-powertools-kinesis-client": {
      "version": "1.28.1",
      "resolved": "https://registry.npmjs.org/@dazn/lambda-powertools-kinesis-client/-/lambda-powertools-kinesis-client-1.28.1.tgz",
      "integrity": "sha512-ITeOwom+w+5PWUjoKS/Uvnd3ttjSQ/u6+ijMYfxSNGfMue576J3c0bS32UfuA/9HrAP51wPaUTDbuApYRVzQnQ==",
      "requires": {
        "@dazn/lambda-powertools-correlation-ids": "^1.28.1",
        "@dazn/lambda-powertools-logger": "^1.28.1"
      }
    },
    "@dazn/lambda-powertools-lambda-client": {
      "version": "1.28.1",
      "resolved": "https://registry.npmjs.org/@dazn/lambda-powertools-lambda-client/-/lambda-powertools-lambda-client-1.28.1.tgz",
      "integrity": "sha512-EjKmYiHrKfLixMLlkQ05wZ2b/H6mofi8xCJhn/g7zcBazDIu1Xu/KHXJyz0oEXZmeSckmI6KB/JFNVmlVxWN0Q==",
      "requires": {
        "@dazn/lambda-powertools-correlation-ids": "^1.28.1",
        "@dazn/lambda-powertools-logger": "^1.28.1"
      }
    },
    "@dazn/lambda-powertools-logger": {
      "version": "1.28.1",
      "resolved": "https://registry.npmjs.org/@dazn/lambda-powertools-logger/-/lambda-powertools-logger-1.28.1.tgz",
      "integrity": "sha512-vfnKgEwW/jv4PSkqRsEWPWLY5fkcjCnLrSZpca2Exh7pIUWZQN3FqLdpqs23caa+qtOCJ2JM8toa21uwSzYMLw==",
      "requires": {
        "@dazn/lambda-powertools-correlation-ids": "^1.28.1"
      }
    },
    "@dazn/lambda-powertools-middleware-correlation-ids": {
      "version": "1.29.0",
      "resolved": "https://registry.npmjs.org/@dazn/lambda-powertools-middleware-correlation-ids/-/lambda-powertools-middleware-correlation-ids-1.29.0.tgz",
      "integrity": "sha512-kXOOKzEMKz6nYHUQo2GUvTqnQeXo1U6/RI87xUjSeztcjHaDZ0Jw6plUepZD+YawjfsVIrHKfnZrlN909utttA==",
      "requires": {
        "@dazn/lambda-powertools-correlation-ids": "^1.28.1",
        "@dazn/lambda-powertools-logger": "^1.28.1"
      }
    },
    "@dazn/lambda-powertools-middleware-log-timeout": {
      "version": "1.29.0",
      "resolved": "https://registry.npmjs.org/@dazn/lambda-powertools-middleware-log-timeout/-/lambda-powertools-middleware-log-timeout-1.29.0.tgz",
      "integrity": "sha512-BJv3DQdcuOCBfp93cFv3LgCcCBhwh4s8COmw4x+c3cEdkY6zajo9tHAikFea8Fv9ShDXAcUgnPpkv8EFMbAH+w==",
      "requires": {
        "@dazn/lambda-powertools-logger": "^1.28.1"
      }
    },
    "@dazn/lambda-powertools-middleware-obfuscater": {
      "version": "1.29.0",
      "resolved": "https://registry.npmjs.org/@dazn/lambda-powertools-middleware-obfuscater/-/lambda-powertools-middleware-obfuscater-1.29.0.tgz",
      "integrity": "sha512-B8FsFKLfKqt6xrRZ95egaWeYWmc4xxeHfPmDuonbKZcH4WF4Ouk30Bt4Fmq4W0gGbFRvUomZGw+UZAk8zySl+A==",
      "requires": {
        "@dazn/lambda-powertools-correlation-ids": "^1.28.1",
        "@dazn/lambda-powertools-logger": "^1.28.1"
      }
    },
    "@dazn/lambda-powertools-middleware-sample-logging": {
      "version": "1.29.0",
      "resolved": "https://registry.npmjs.org/@dazn/lambda-powertools-middleware-sample-logging/-/lambda-powertools-middleware-sample-logging-1.29.0.tgz",
      "integrity": "sha512-VHe3bSw0ch5Ql5tA3XvCta8db1Nr6NaSJ0Oj2oqQU+F15WJfqPD+reeKMgj3F1z8lJqXWAea3aD4nQT0PCTt6Q==",
      "requires": {
        "@dazn/lambda-powertools-correlation-ids": "^1.28.1",
        "@dazn/lambda-powertools-logger": "^1.28.1"
      }
    },
    "@dazn/lambda-powertools-middleware-stop-infinite-loop": {
      "version": "1.29.0",
      "resolved": "https://registry.npmjs.org/@dazn/lambda-powertools-middleware-stop-infinite-loop/-/lambda-powertools-middleware-stop-infinite-loop-1.29.0.tgz",
      "integrity": "sha512-dfqTC6hA9Qd3G4PSfxV4BfnB2dZsZcVhNaKd3PgkzsUEjXMt49RNUgrCL7ga8xuZOCYdvg58G+8WNIeeopGTSQ==",
      "requires": {
        "@dazn/lambda-powertools-correlation-ids": "^1.28.1",
        "@dazn/lambda-powertools-logger": "^1.28.1"
      }
    },
    "@dazn/lambda-powertools-pattern-basic": {
      "version": "1.29.0",
      "resolved": "https://registry.npmjs.org/@dazn/lambda-powertools-pattern-basic/-/lambda-powertools-pattern-basic-1.29.0.tgz",
      "integrity": "sha512-HYmu9eKVRYNu5Q2CYuOl3UmBMAfpHzvNJFRdR8f8F5DJLktsexapk1sDjZZq4bP1ZmduuSbG/mUN9nmtkCRWYw==",
      "requires": {
        "@dazn/lambda-powertools-middleware-correlation-ids": "^1.29.0",
        "@dazn/lambda-powertools-middleware-log-timeout": "^1.29.0",
        "@dazn/lambda-powertools-middleware-sample-logging": "^1.29.0",
        "@middy/core": "^2.1.0"
      }
    },
    "@dazn/lambda-powertools-pattern-obfuscate": {
      "version": "1.29.0",
      "resolved": "https://registry.npmjs.org/@dazn/lambda-powertools-pattern-obfuscate/-/lambda-powertools-pattern-obfuscate-1.29.0.tgz",
      "integrity": "sha512-MP8oPRRAd0vEddOgqvb6udH2DCI7l2WUeugqAJ2zCiEdnKrp6avfDcq8XDE04UePLc9t3Xxtmk0JO/VqKLnEkA==",
      "requires": {
        "@dazn/lambda-powertools-middleware-correlation-ids": "^1.29.0",
        "@dazn/lambda-powertools-middleware-log-timeout": "^1.29.0",
        "@dazn/lambda-powertools-middleware-obfuscater": "^1.29.0",
        "@dazn/lambda-powertools-middleware-sample-logging": "^1.29.0",
        "@middy/core": "^2.1.0"
      }
    },
    "@dazn/lambda-powertools-sns-client": {
      "version": "1.28.1",
      "resolved": "https://registry.npmjs.org/@dazn/lambda-powertools-sns-client/-/lambda-powertools-sns-client-1.28.1.tgz",
      "integrity": "sha512-sQcp0hZwZF4EDO2+Bp00g1JuppR43fgwr/xcykSN60fvKIaVBHV4BtwwewnVwW5PAGfeSQ1E/VBua5pE6NMvbg==",
      "requires": {
        "@dazn/lambda-powertools-correlation-ids": "^1.28.1"
      }
    },
    "@dazn/lambda-powertools-sqs-client": {
      "version": "1.28.1",
      "resolved": "https://registry.npmjs.org/@dazn/lambda-powertools-sqs-client/-/lambda-powertools-sqs-client-1.28.1.tgz",
      "integrity": "sha512-ZuzHkekseYFYDTNU/5Ryz7mnHb7l8PDnr+k+3IK6dH9LFq0NBKzkpDWl1rxlP1NR+7tcfSnPIeK3nTMPPzpsxw==",
      "requires": {
        "@dazn/lambda-powertools-correlation-ids": "^1.28.1"
      }
    },
    "@dazn/lambda-powertools-step-functions-client": {
      "version": "1.28.1",
      "resolved": "https://registry.npmjs.org/@dazn/lambda-powertools-step-functions-client/-/lambda-powertools-step-functions-client-1.28.1.tgz",
      "integrity": "sha512-k+JlWUcFxIEwjaL6mIrbBIiu5T45pshlJPh0tAwjaUB26HVvv2NwaTofSrfK1drRYDVfIZd8+VUpyZta0hspjg==",
      "requires": {
        "@dazn/lambda-powertools-correlation-ids": "^1.28.1",
        "@dazn/lambda-powertools-logger": "^1.28.1"
      }
    },
    "@middy/core": {
      "version": "2.5.7",
      "resolved": "https://registry.npmjs.org/@middy/core/-/core-2.5.7.tgz",
      "integrity": "sha512-KX5Ud0SP+pol6PGkYtMCH4goHobs1XJo3OvEUwdiZUIjZgo56Q08nLu5N7Bs6P+FwGTQHA+hlQ3I5SZbfpO/jg=="
    },
    "asynckit": {
      "version": "0.4.0",
      "resolved": "https://registry.npmjs.org/asynckit/-/asynckit-0.4.0.tgz",
      "integrity": "sha512-Oei9OH4tRh0YqU3GxhX79dM/mwVgvbZJaSNaRk+bshkj0S5cfHcgYakreBjrHwatXKbz+IoIdYLxrKim2MjW0Q=="
    },
    "bignumber.js": {
      "version": "1.1.1",
      "resolved": "https://registry.npmjs.org/bignumber.js/-/bignumber.js-1.1.1.tgz",
      "integrity": "sha512-v3TfuY75nJ7K4ytL0bEPJ+Gjz84dRj4XGYkr/i6PsiqcUCxcB/xHBM0Nk8uRcT75T6scZBt+sgASC7eBwVEoAQ=="
    },
    "call-bind": {
      "version": "1.0.2",
      "resolved": "https://registry.npmjs.org/call-bind/-/call-bind-1.0.2.tgz",
      "integrity": "sha512-7O+FbCihrB5WGbFYesctwmTKae6rOiIzmz1icreWJ+0aA7LJfuqhEso2T9ncpcFtzMQtzXf2QGGueWJGTYsqrA==",
      "requires": {
        "function-bind": "^1.1.1",
        "get-intrinsic": "^1.0.2"
      }
    },
    "combined-stream": {
      "version": "1.0.8",
      "resolved": "https://registry.npmjs.org/combined-stream/-/combined-stream-1.0.8.tgz",
      "integrity": "sha512-FQN4MRfuJeHf7cBbBMJFXhKSDq+2kAArBlmRBvcvFE5BB1HZKXtSFASDhdlz9zOYwxh8lDdnvmMOe/+5cdoEdg==",
      "requires": {
        "delayed-stream": "~1.0.0"
      }
    },
    "component-emitter": {
      "version": "1.3.0",
      "resolved": "https://registry.npmjs.org/component-emitter/-/component-emitter-1.3.0.tgz",
      "integrity": "sha512-Rd3se6QB+sO1TwqZjscQrurpEPIfO0/yYnSin6Q/rD3mOutHvUrCAhJub3r90uNb+SESBuE0QYoB90YdfatsRg=="
    },
    "cookiejar": {
      "version": "2.1.3",
      "resolved": "https://registry.npmjs.org/cookiejar/-/cookiejar-2.1.3.tgz",
      "integrity": "sha512-JxbCBUdrfr6AQjOXrxoTvAMJO4HBTUIlBzslcJPAz+/KT8yk53fXun51u+RenNYvad/+Vc2DIz5o9UxlCDymFQ=="
    },
    "core-util-is": {
      "version": "1.0.3",
      "resolved": "https://registry.npmjs.org/core-util-is/-/core-util-is-1.0.3.tgz",
      "integrity": "sha512-ZQBvi1DcpJ4GDqanjucZ2Hj3wEO5pZDS89BWbkcrvdxksJorwUDDZamX9ldFkp9aw2lmBDLgkObEA4DWNJ9FYQ=="
    },
    "datadog-metrics": {
      "version": "0.8.2",
      "resolved": "https://registry.npmjs.org/datadog-metrics/-/datadog-metrics-0.8.2.tgz",
      "integrity": "sha512-84WomqgMr7CigstOglR0dapSgaZ9w1kjdnjRAZQWEdwoXDxTS86qcjx+MOAGW3+tM/RNfA9Z3G//sFl+CBNOAA==",
      "requires": {
        "debug": "3.1.0",
        "dogapi": "2.8.3"
      }
    },
    "debug": {
      "version": "3.1.0",
      "resolved": "https://registry.npmjs.org/debug/-/debug-3.1.0.tgz",
      "integrity": "sha512-OX8XqP7/1a9cqkxYw2yXss15f26NKWBpDXQd0/uK/KPqdQhxbPa994hnzjcE2VqQpDslf55723cKPUOGSmMY3g==",
      "requires": {
        "ms": "2.0.0"
      }
    },
    "deep-extend": {
      "version": "0.6.0",
      "resolved": "https://registry.npmjs.org/deep-extend/-/deep-extend-0.6.0.tgz",
      "integrity": "sha512-LOHxIOaPYdHlJRtCQfDIVZtfw/ufM8+rVj649RIHzcm/vGwQRXFt6OPqIFWsm2XEMrNIEtWR64sY1LEKD2vAOA=="
    },
    "delayed-stream": {
      "version": "1.0.0",
      "resolved": "https://registry.npmjs.org/delayed-stream/-/delayed-stream-1.0.0.tgz",
      "integrity": "sha512-ZySD7Nf91aLB0RxL4KGrKHBXl7Eds1DAmEdcoVawXnLD7SDhpNgtuII2aAkg7a7QS41jxPSZ17p4VdGnMHk3MQ=="
    },
    "dogapi": {
      "version": "2.8.3",
      "resolved": "https://registry.npmjs.org/dogapi/-/dogapi-2.8.3.tgz",
      "integrity": "sha512-CzJIllAcv17H8hylyuljldJv+2EGal5+Fa+gsXFrXDo1zl8cq9jk7FDCXDqH4C/tPNAusS9ckV8wuBFtCiuTUg==",
      "requires": {
        "extend": "^3.0.0",
        "json-bigint": "^0.1.4",
        "lodash": "^4.17.10",
        "minimist": "^1.1.1",
        "rc": "^1.2.8"
      }
    },
    "extend": {
      "version": "3.0.2",
      "resolved": "https://registry.npmjs.org/extend/-/extend-3.0.2.tgz",
      "integrity": "sha512-fjquC59cD7CyW6urNXK0FBufkZcoiGG80wTuPujX590cB5Ttln20E2UB4S/WARVqhXffZl2LNgS+gQdPIIim/g=="
    },
    "form-data": {
      "version": "2.5.1",
      "resolved": "https://registry.npmjs.org/form-data/-/form-data-2.5.1.tgz",
      "integrity": "sha512-m21N3WOmEEURgk6B9GLOE4RuWOFf28Lhh9qGYeNlGq4VDXUlJy2th2slBNU8Gp8EzloYZOibZJ7t5ecIrFSjVA==",
      "requires": {
        "asynckit": "^0.4.0",
        "combined-stream": "^1.0.6",
        "mime-types": "^2.1.12"
      }
    },
    "formidable": {
      "version": "1.2.6",
      "resolved": "https://registry.npmjs.org/formidable/-/formidable-1.2.6.tgz",
      "integrity": "sha512-KcpbcpuLNOwrEjnbpMC0gS+X8ciDoZE1kkqzat4a8vrprf+s9pKNQ/QIwWfbfs4ltgmFl3MD177SNTkve3BwGQ=="
    },
    "function-bind": {
      "version": "1.1.1",
      "resolved": "https://registry.npmjs.org/function-bind/-/function-bind-1.1.1.tgz",
      "integrity": "sha512-yIovAzMX49sF8Yl58fSCWJ5svSLuaibPxXQJFLmBObTuCr0Mf1KiPopGM9NiFjiYBCbfaa2Fh6breQ6ANVTI0A=="
    },
    "get-intrinsic": {
      "version": "1.1.3",
      "resolved": "https://registry.npmjs.org/get-intrinsic/-/get-intrinsic-1.1.3.tgz",
      "integrity": "sha512-QJVz1Tj7MS099PevUG5jvnt9tSkXN8K14dxQlikJuPt4uD9hHAHjLyLBiLR5zELelBdD9QNRAXZzsJx0WaDL9A==",
      "requires": {
        "function-bind": "^1.1.1",
        "has": "^1.0.3",
        "has-symbols": "^1.0.3"
      }
    },
    "has": {
      "version": "1.0.3",
      "resolved": "https://registry.npmjs.org/has/-/has-1.0.3.tgz",
      "integrity": "sha512-f2dvO0VU6Oej7RkWJGrehjbzMAjFp5/VKPp5tTpWIV4JHHZK1/BxbFRtf/siA2SWTe09caDmVtYYzWEIbBS4zw==",
      "requires": {
        "function-bind": "^1.1.1"
      }
    },
    "has-symbols": {
      "version": "1.0.3",
      "resolved": "https://registry.npmjs.org/has-symbols/-/has-symbols-1.0.3.tgz",
      "integrity": "sha512-l3LCuF6MgDNwTDKkdYGEihYjt5pRPbEg46rtlmnSPlUbgmB8LOIrKJbYYFBSbnPaJexMKtiPO8hmeRjRz2Td+A=="
    },
    "inherits": {
      "version": "2.0.4",
      "resolved": "https://registry.npmjs.org/inherits/-/inherits-2.0.4.tgz",
      "integrity": "sha512-k/vGaX4/Yla3WzyMCvTQOXYeIHvqOKtnqBduzTHpzpQZzAskKMhZ2K+EnBiSM9zGSoIFeMpXKxa4dYeZIQqewQ=="
    },
    "ini": {
      "version": "1.3.8",
      "resolved": "https://registry.npmjs.org/ini/-/ini-1.3.8.tgz",
      "integrity": "sha512-JV/yugV2uzW5iMRSiZAyDtQd+nxtUnjeLt0acNdw98kKLrvuRVyB80tsREOE7yvGVgalhZ6RNXCmEHkUKBKxew=="
    },
    "isarray": {
      "version": "1.0.0",
      "resolved": "https://registry.npmjs.org/isarray/-/isarray-1.0.0.tgz",
      "integrity": "sha512-VLghIWNM6ELQzo7zwmcg0NmTVyWKYjvIeM83yjp0wRDTmUnrM678fQbcKBo6n2CJEF0szoG//ytg+TKla89ALQ=="
    },
    "json-bigint": {
      "version": "0.1.4",
      "resolved": "https://registry.npmjs.org/json-bigint/-/json-bigint-0.1.4.tgz",
      "integrity": "sha512-uL3zbrHd4qPhn12kK/1dxAj4IdjK0dePtAYrjRxtmBd82A96mjRDbi9gObehB3wuneHClI1eIMgg8Cy+/Q/vRA==",
      "requires": {
        "bignumber.js": "~1.1.1"
      }
    },
    "lodash": {
      "version": "4.17.21",
      "resolved": "https://registry.npmjs.org/lodash/-/lodash-4.17.21.tgz",
      "integrity": "sha512-v2kDEe57lecTulaDIuNTPy3Ry4gLGJ6Z1O3vE1krgXZNrsQ+LFTGHVxVjcXPs17LhbZVGedAJv8XZ1tvj5FvSg=="
    },
    "lodash.chunk": {
      "version": "4.2.0",
      "resolved": "https://registry.npmjs.org/lodash.chunk/-/lodash.chunk-4.2.0.tgz",
      "integrity": "sha512-ZzydJKfUHJwHa+hF5X66zLFCBrWn5GeF28OHEr4WVWtNDXlQ/IjWKPBiikqKo2ne0+v6JgCgJ0GzJp8k8bHC7w=="
    },
    "methods": {
      "version": "1.1.2",
      "resolved": "https://registry.npmjs.org/methods/-/methods-1.1.2.tgz",
      "integrity": "sha512-iclAHeNqNm68zFtnZ0e+1L2yUIdvzNoauKU4WBA3VvH/vPFieF7qfRlwUZU+DA9P9bPXIS90ulxoUoCH23sV2w=="
    },
    "mime": {
      "version": "1.6.0",
      "resolved": "https://registry.npmjs.org/mime/-/mime-1.6.0.tgz",
      "integrity": "sha512-x0Vn8spI+wuJ1O6S7gnbaQg8Pxh4NNHb7KSINmEWKiPE4RKOplvijn+NkmYmmRgP68mc70j2EbeTFRsrswaQeg=="
    },
    "mime-db": {
      "version": "1.52.0",
      "resolved": "https://registry.npmjs.org/mime-db/-/mime-db-1.52.0.tgz",
      "integrity": "sha512-sPU4uV7dYlvtWJxwwxHD0PuihVNiE7TyAbQ5SWxDCB9mUYvOgroQOwYQQOKPJ8CIbE+1ETVlOoK1UC2nU3gYvg=="
    },
    "mime-types": {
      "version": "2.1.35",
      "resolved": "https://registry.npmjs.org/mime-types/-/mime-types-2.1.35.tgz",
      "integrity": "sha512-ZDY+bPm5zTTF+YpCrAU9nK0UgICYPT0QtT1NZWFv4s++TNkcgVaT0g6+4R2uI4MjQjzysHB1zxuWL50hzaeXiw==",
      "requires": {
        "mime-db": "1.52.0"
      }
    },
    "minimist": {
      "version": "1.2.7",
      "resolved": "https://registry.npmjs.org/minimist/-/minimist-1.2.7.tgz",
      "integrity": "sha512-bzfL1YUZsP41gmu/qjrEk0Q6i2ix/cVeAhbCbqH9u3zYutS1cLg00qhrD0M2MVdCcx4Sc0UpP2eBWo9rotpq6g=="
    },
    "ms": {
      "version": "2.0.0",
      "resolved": "https://registry.npmjs.org/ms/-/ms-2.0.0.tgz",
      "integrity": "sha512-Tpp60P6IUJDTuOq/5Z8cdskzJujfwqfOTkrwIwj7IRISpnkJnT6SyJ4PCPnGMoFjC9ddhal5KVIYtAt97ix05A=="
    },
    "object-inspect": {
      "version": "1.12.2",
      "resolved": "https://registry.npmjs.org/object-inspect/-/object-inspect-1.12.2.tgz",
      "integrity": "sha512-z+cPxW0QGUp0mcqcsgQyLVRDoXFQbXOwBaqyF7VIgI4TWNQsDHrBpUQslRmIfAoYWdYzs6UlKJtB2XJpTaNSpQ=="
    },
    "process-nextick-args": {
      "version": "2.0.1",
      "resolved": "https://registry.npmjs.org/process-nextick-args/-/process-nextick-args-2.0.1.tgz",
      "integrity": "sha512-3ouUOpQhtgrbOa17J7+uxOTpITYWaGP7/AhoR3+A+/1e9skrzelGi/dXzEYyvbxubEF6Wn2ypscTKiKJFFn1ag=="
    },
    "qs": {
      "version": "6.11.0",
      "resolved": "https://registry.npmjs.org/qs/-/qs-6.11.0.tgz",
      "integrity": "sha512-MvjoMCJwEarSbUYk5O+nmoSzSutSsTwF85zcHPQ9OrlFoZOYIjaqBAJIqIXjptyD5vThxGq52Xu/MaJzRkIk4Q==",
      "requires": {
        "side-channel": "^1.0.4"
      }
    },
    "rc": {
      "version": "1.2.8",
      "resolved": "https://registry.npmjs.org/rc/-/rc-1.2.8.tgz",
      "integrity": "sha512-y3bGgqKj3QBdxLbLkomlohkvsA8gdAiUQlSBJnBhfn+BPxg4bc62d8TcBW15wavDfgexCgccckhcZvywyQYPOw==",
      "requires": {
        "deep-extend": "^0.6.0",
        "ini": "~1.3.0",
        "minimist": "^1.2.0",
        "strip-json-comments": "~2.0.1"
      }
    },
    "readable-stream": {
      "version": "2.3.7",
      "resolved": "https://registry.npmjs.org/readable-stream/-/readable-stream-2.3.7.tgz",
      "integrity": "sha512-Ebho8K4jIbHAxnuxi7o42OrZgF/ZTNcsZj6nRKyUmkhLFq8CHItp/fy6hQZuZmP/n3yZ9VBUbp4zz/mX8hmYPw==",
      "requires": {
        "core-util-is": "~1.0.0",
        "inherits": "~2.0.3",
        "isarray": "~1.0.0",
        "process-nextick-args": "~2.0.0",
        "safe-buffer": "~5.1.1",
        "string_decoder": "~1.1.1",
        "util-deprecate": "~1.0.1"
      }
    },
    "safe-buffer": {
      "version": "5.1.2",
      "resolved": "https://registry.npmjs.org/safe-buffer/-/safe-buffer-5.1.2.tgz",
      "integrity": "sha512-Gd2UZBJDkXlY7GbJxfsE8/nvKkUEU1G38c1siN6QP6a9PT9MmHB8GnpscSmMJSoF8LOIrt8ud/wPtojys4G6+g=="
    },
    "side-channel": {
      "version": "1.0.4",
      "resolved": "https://registry.npmjs.org/side-channel/-/side-channel-1.0.4.tgz",
      "integrity": "sha512-q5XPytqFEIKHkGdiMIrY10mvLRvnQh42/+GoBlFW3b2LXLE2xxJpZFdm94we0BaoV3RwJyGqg5wS7epxTv0Zvw==",
      "requires": {
        "call-bind": "^1.0.0",
        "get-intrinsic": "^1.0.2",
        "object-inspect": "^1.9.0"
      }
    },
    "string_decoder": {
      "version": "1.1.1",
      "resolved": "https://registry.npmjs.org/string_decoder/-/string_decoder-1.1.1.tgz",
      "integrity": "sha512-n/ShnvDi6FHbbVfviro+WojiFzv+s8MPMHBczVePfUpDJLwoLT0ht1l4YwBCbi8pJAveEEdnkHyPyTP/mzRfwg==",
      "requires": {
        "safe-buffer": "~5.1.0"
      }
    },
    "strip-json-comments": {
      "version": "2.0.1",
      "resolved": "https://registry.npmjs.org/strip-json-comments/-/strip-json-comments-2.0.1.tgz",
      "integrity": "sha512-4gB8na07fecVVkOI6Rs4e7T6NOTki5EmL7TUduTs6bu3EdnSycntVJ4re8kgZA+wx9IueI2Y11bfbgwtzuE0KQ=="
    },
    "superagent": {
      "version": "3.8.3",
      "resolved": "https://registry.npmjs.org/superagent/-/superagent-3.8.3.tgz",
      "integrity": "sha512-GLQtLMCoEIK4eDv6OGtkOoSMt3D+oq0y3dsxMuYuDvaNUvuT8eFBuLmfR0iYYzHC1e8hpzC6ZsxbuP6DIalMFA==",
      "requires": {
        "component-emitter": "^1.2.0",
        "cookiejar": "^2.1.0",
        "debug": "^3.1.0",
        "extend": "^3.0.0",
        "form-data": "^2.3.1",
        "formidable": "^1.2.0",
        "methods": "^1.1.1",
        "mime": "^1.4.1",
        "qs": "^6.5.1",
        "readable-stream": "^2.3.5"
      }
    },
    "superagent-promise": {
      "version": "1.1.0",
      "resolved": "https://registry.npmjs.org/superagent-promise/-/superagent-promise-1.1.0.tgz",
      "integrity": "sha512-ZXdEHF2FAXKypICHFZDtdvHfzOiTgrCAaIAEj7kP9Q4NBlAeXwbN2UBjNQp9YIDLDpwu3mxIyMvW+tukY0IHKQ=="
    },
    "util-deprecate": {
      "version": "1.0.2",
      "resolved": "https://registry.npmjs.org/util-deprecate/-/util-deprecate-1.0.2.tgz",
      "integrity": "sha512-EPD5q1uXyFxJpCrLnCc1nHnq3gOa6DZBocAIiI2TaSCA7VCJ1UJDMagCzIkXNsUYfD1daK//LTEQ8xiIbrHtcw=="
    }
  }
}
