{
  "name": "dazn-lambda-powertools-layer",
  "version": "1.29.4",
  "lockfileVersion": 1,
  "requires": true,
  "dependencies": {
    "@dazn/datadog-metrics": {
      "version": "1.5.0",
      "resolved": "https://npm.daznplatform.com/@dazn/datadog-metrics/-/datadog-metrics-1.5.0.tgz",
      "integrity": "sha1-HS9EXL4vMeHu0sD9NsCXDQ1LHXY=",
      "requires": {
        "datadog-metrics": "^0.8.1"
      }
    },
    "@buyerassist/dazn-lambda-powertools-correlation-ids": {
      "version": "1.23.0",
      "resolved": "https://npm.daznplatform.com/@buyerassist/dazn-lambda-powertools-correlation-ids/-/lambda-powertools-correlation-ids-1.23.0.tgz",
      "integrity": "sha1-C9MqpxQp8i09+mEW6KlALZ0bMvg="
    },
    "@buyerassist/dazn-lambda-powertools-dynamodb-client": {
      "version": "1.23.2",
      "resolved": "https://npm.daznplatform.com/@buyerassist/dazn-lambda-powertools-dynamodb-client/-/lambda-powertools-dynamodb-client-1.23.2.tgz",
      "integrity": "sha1-Iuvj7Os7vFlkZxT6McNdkOG22Pw=",
      "requires": {
        "@buyerassist/dazn-lambda-powertools-correlation-ids": "^1.23.0",
        "lodash.chunk": "^4.2.0"
      }
    },
    "@buyerassist/dazn-lambda-powertools-firehose-client": {
      "version": "1.23.2",
      "resolved": "https://npm.daznplatform.com/@buyerassist/dazn-lambda-powertools-firehose-client/-/lambda-powertools-firehose-client-1.23.2.tgz",
      "integrity": "sha1-hKQIjAGFrU6FtGldftpfwRfXoLA=",
      "requires": {
        "@buyerassist/dazn-lambda-powertools-correlation-ids": "^1.23.0",
        "@buyerassist/dazn-lambda-powertools-logger": "^1.23.1"
      }
    },
    "@buyerassist/dazn-lambda-powertools-http-client": {
      "version": "1.23.2",
      "resolved": "https://npm.daznplatform.com/@buyerassist/dazn-lambda-powertools-http-client/-/lambda-powertools-http-client-1.23.2.tgz",
      "integrity": "sha1-LzlnOpWIosecGNLPdd2+3lgcPFo=",
      "requires": {
        "@dazn/datadog-metrics": "^1.3.1",
        "@buyerassist/dazn-lambda-powertools-correlation-ids": "^1.23.0",
        "superagent": "^3.8.3",
        "superagent-promise": "^1.1.0"
      }
    },
    "@buyerassist/dazn-lambda-powertools-kinesis-client": {
      "version": "1.23.2",
      "resolved": "https://npm.daznplatform.com/@buyerassist/dazn-lambda-powertools-kinesis-client/-/lambda-powertools-kinesis-client-1.23.2.tgz",
      "integrity": "sha1-c2k7CXC/AvgEd+zMvWmt3ESD/WQ=",
      "requires": {
        "@buyerassist/dazn-lambda-powertools-correlation-ids": "^1.23.0",
        "@buyerassist/dazn-lambda-powertools-logger": "^1.23.1"
      }
    },
    "@buyerassist/dazn-lambda-powertools-lambda-client": {
      "version": "1.23.2",
      "resolved": "https://npm.daznplatform.com/@buyerassist/dazn-lambda-powertools-lambda-client/-/lambda-powertools-lambda-client-1.23.2.tgz",
      "integrity": "sha1-PAoaGQTkEmdcnHhDmfD867b/4uk=",
      "requires": {
        "@buyerassist/dazn-lambda-powertools-correlation-ids": "^1.23.0",
        "@buyerassist/dazn-lambda-powertools-logger": "^1.23.1"
      }
    },
    "@buyerassist/dazn-lambda-powertools-logger": {
      "version": "1.23.1",
      "resolved": "https://npm.daznplatform.com/@buyerassist/dazn-lambda-powertools-logger/-/lambda-powertools-logger-1.23.1.tgz",
      "integrity": "sha1-y59Pvk7eyEvfzO6kGdvtVMcMQLc=",
      "requires": {
        "@buyerassist/dazn-lambda-powertools-correlation-ids": "^1.23.0"
      }
    },
    "@buyerassist/dazn-lambda-powertools-middleware-correlation-ids": {
      "version": "1.23.2",
      "resolved": "https://npm.daznplatform.com/@buyerassist/dazn-lambda-powertools-middleware-correlation-ids/-/lambda-powertools-middleware-correlation-ids-1.23.2.tgz",
      "integrity": "sha1-pzMCFjZtNyrxenI9394ldenmXTE=",
      "requires": {
        "@buyerassist/dazn-lambda-powertools-correlation-ids": "^1.23.0",
        "@buyerassist/dazn-lambda-powertools-logger": "^1.23.1"
      }
    },
    "@buyerassist/dazn-lambda-powertools-middleware-log-timeout": {
      "version": "1.23.2",
      "resolved": "https://npm.daznplatform.com/@buyerassist/dazn-lambda-powertools-middleware-log-timeout/-/lambda-powertools-middleware-log-timeout-1.23.2.tgz",
      "integrity": "sha1-pd8/kZiPBdmViO7639hm7dAPt9w=",
      "requires": {
        "@buyerassist/dazn-lambda-powertools-logger": "^1.23.1"
      }
    },
    "@buyerassist/dazn-lambda-powertools-middleware-obfuscater": {
      "version": "1.23.2",
      "resolved": "https://npm.daznplatform.com/@buyerassist/dazn-lambda-powertools-middleware-obfuscater/-/lambda-powertools-middleware-obfuscater-1.23.2.tgz",
      "integrity": "sha1-mMysgqN/HfhQdkTz6C/OsCYG0ug=",
      "requires": {
        "@buyerassist/dazn-lambda-powertools-correlation-ids": "^1.23.0",
        "@buyerassist/dazn-lambda-powertools-logger": "^1.23.1"
      }
    },
    "@buyerassist/dazn-lambda-powertools-middleware-sample-logging": {
      "version": "1.23.2",
      "resolved": "https://npm.daznplatform.com/@buyerassist/dazn-lambda-powertools-middleware-sample-logging/-/lambda-powertools-middleware-sample-logging-1.23.2.tgz",
      "integrity": "sha1-ek8qdzpkaGoXF3BWOTh3AwBAC0s=",
      "requires": {
        "@buyerassist/dazn-lambda-powertools-correlation-ids": "^1.23.0",
        "@buyerassist/dazn-lambda-powertools-logger": "^1.23.1"
      }
    },
    "@buyerassist/dazn-lambda-powertools-middleware-stop-infinite-loop": {
      "version": "1.23.2",
      "resolved": "https://npm.daznplatform.com/@buyerassist/dazn-lambda-powertools-middleware-stop-infinite-loop/-/lambda-powertools-middleware-stop-infinite-loop-1.23.2.tgz",
      "integrity": "sha1-XSh3Bgu3ZNCmbqs4XA0c6buGm/Y=",
      "requires": {
        "@buyerassist/dazn-lambda-powertools-correlation-ids": "^1.23.0",
        "@buyerassist/dazn-lambda-powertools-logger": "^1.23.1"
      }
    },
    "@buyerassist/dazn-lambda-powertools-pattern-basic": {
      "version": "1.23.2",
      "resolved": "https://npm.daznplatform.com/@buyerassist/dazn-lambda-powertools-pattern-basic/-/lambda-powertools-pattern-basic-1.23.2.tgz",
      "integrity": "sha1-q1pOizvzgEDIt9I2KQL/S2CghNE=",
      "requires": {
        "@buyerassist/dazn-lambda-powertools-middleware-correlation-ids": "^1.23.2",
        "@buyerassist/dazn-lambda-powertools-middleware-log-timeout": "^1.23.2",
        "@buyerassist/dazn-lambda-powertools-middleware-sample-logging": "^1.23.2",
        "middy": "^0.15.0"
      }
    },
    "@buyerassist/dazn-lambda-powertools-pattern-obfuscate": {
      "version": "1.23.2",
      "resolved": "https://npm.daznplatform.com/@buyerassist/dazn-lambda-powertools-pattern-obfuscate/-/lambda-powertools-pattern-obfuscate-1.23.2.tgz",
      "integrity": "sha1-TGY12vVMxBchGq8U5l97f34qz5k=",
      "requires": {
        "@buyerassist/dazn-lambda-powertools-middleware-correlation-ids": "^1.23.2",
        "@buyerassist/dazn-lambda-powertools-middleware-log-timeout": "^1.23.2",
        "@buyerassist/dazn-lambda-powertools-middleware-obfuscater": "^1.23.2",
        "@buyerassist/dazn-lambda-powertools-middleware-sample-logging": "^1.23.2",
        "middy": "^0.15.0"
      }
    },
    "@buyerassist/dazn-lambda-powertools-sns-client": {
      "version": "1.23.2",
      "resolved": "https://npm.daznplatform.com/@buyerassist/dazn-lambda-powertools-sns-client/-/lambda-powertools-sns-client-1.23.2.tgz",
      "integrity": "sha1-k95LmNNI0Uj/AIDjvIz1nXEyRus=",
      "requires": {
        "@buyerassist/dazn-lambda-powertools-correlation-ids": "^1.23.0"
      }
    },
    "@buyerassist/dazn-lambda-powertools-sqs-client": {
      "version": "1.23.2",
      "resolved": "https://npm.daznplatform.com/@buyerassist/dazn-lambda-powertools-sqs-client/-/lambda-powertools-sqs-client-1.23.2.tgz",
      "integrity": "sha1-QhtF0SZywq8PsJf3oSpQuO6bRww=",
      "requires": {
        "@buyerassist/dazn-lambda-powertools-correlation-ids": "^1.23.0"
      }
    },
    "@buyerassist/dazn-lambda-powertools-step-functions-client": {
      "version": "1.23.2",
      "resolved": "https://npm.daznplatform.com/@buyerassist/dazn-lambda-powertools-step-functions-client/-/lambda-powertools-step-functions-client-1.23.2.tgz",
      "integrity": "sha1-cJQYkHYUjfRs6c6M0vO6KquAmPY=",
      "requires": {
        "@buyerassist/dazn-lambda-powertools-correlation-ids": "^1.23.0",
        "@buyerassist/dazn-lambda-powertools-logger": "^1.23.1"
      }
    },
    "@types/aws-lambda": {
      "version": "8.10.51",
      "resolved": "https://registry.npmjs.org/@types/aws-lambda/-/aws-lambda-8.10.51.tgz",
      "integrity": "sha512-XK7RerpXj4r+IO0r7qIeNqUSU6L4qhPMwNhISxozJJiUX/jdXj9WYzTShRVisEcUQHXgJ4TTBqTArM8f9Mjb8g=="
    },
    "@types/http-errors": {
      "version": "1.6.3",
      "resolved": "https://registry.npmjs.org/@types/http-errors/-/http-errors-1.6.3.tgz",
      "integrity": "sha512-4KCE/agIcoQ9bIfa4sBxbZdnORzRjIw8JNQPLfqoNv7wQl/8f8mRbW68Q8wBsQFoJkPUHGlQYZ9sqi5WpfGSEQ=="
    },
    "ajv": {
      "version": "6.12.2",
      "resolved": "https://registry.npmjs.org/ajv/-/ajv-6.12.2.tgz",
      "integrity": "sha512-k+V+hzjm5q/Mr8ef/1Y9goCmlsK4I6Sm74teeyGvFk1XrOsbsKLjEdrvny42CZ+a8sXbk8KWpY/bDwS+FLL2UQ==",
      "requires": {
        "fast-deep-equal": "^3.1.1",
        "fast-json-stable-stringify": "^2.0.0",
        "json-schema-traverse": "^0.4.1",
        "uri-js": "^4.2.2"
      }
    },
    "ajv-i18n": {
      "version": "3.5.0",
      "resolved": "https://registry.npmjs.org/ajv-i18n/-/ajv-i18n-3.5.0.tgz",
      "integrity": "sha512-IR8uhRH0La4DweKHqBOVeoNo2prJ3bowWzGtNS3uDvYv5wKLgH/WQsoh6gHPVxTWXCGr+R+6I5vXDSXGAYnNPA=="
    },
    "ajv-keywords": {
      "version": "3.4.1",
      "resolved": "https://registry.npmjs.org/ajv-keywords/-/ajv-keywords-3.4.1.tgz",
      "integrity": "sha512-RO1ibKvd27e6FEShVFfPALuHI3WjSVNeK5FIsmme/LYRNxjKuNj+Dt7bucLa6NdSv3JcVTyMlm9kGR84z1XpaQ=="
    },
    "asynckit": {
      "version": "0.4.0",
      "resolved": "https://registry.npmjs.org/asynckit/-/asynckit-0.4.0.tgz",
      "integrity": "sha1-x57Zf380y48robyXkLzDZkdLS3k="
    },
    "bignumber.js": {
      "version": "1.1.1",
      "resolved": "https://registry.npmjs.org/bignumber.js/-/bignumber.js-1.1.1.tgz",
      "integrity": "sha1-GkFdmsAUwTJWrx/u2dGj5XF6jPc="
    },
    "combined-stream": {
      "version": "1.0.8",
      "resolved": "https://registry.npmjs.org/combined-stream/-/combined-stream-1.0.8.tgz",
      "integrity": "sha512-FQN4MRfuJeHf7cBbBMJFXhKSDq+2kAArBlmRBvcvFE5BB1HZKXtSFASDhdlz9zOYwxh8lDdnvmMOe/+5cdoEdg==",
      "requires": {
        "delayed-stream": "~1.0.0"
      }
    },
    "component-emitter": {
      "version": "1.3.0",
      "resolved": "https://registry.npmjs.org/component-emitter/-/component-emitter-1.3.0.tgz",
      "integrity": "sha512-Rd3se6QB+sO1TwqZjscQrurpEPIfO0/yYnSin6Q/rD3mOutHvUrCAhJub3r90uNb+SESBuE0QYoB90YdfatsRg=="
    },
    "content-type": {
      "version": "1.0.4",
      "resolved": "https://registry.npmjs.org/content-type/-/content-type-1.0.4.tgz",
      "integrity": "sha512-hIP3EEPs8tB9AT1L+NUqtwOAps4mk2Zob89MWXMHjHWg9milF/j4osnnQLXBCBFBk/tvIG/tUc9mOUJiPBhPXA=="
    },
    "cookiejar": {
      "version": "2.1.2",
      "resolved": "https://registry.npmjs.org/cookiejar/-/cookiejar-2.1.2.tgz",
      "integrity": "sha512-Mw+adcfzPxcPeI+0WlvRrr/3lGVO0bD75SxX6811cxSh1Wbxx7xZBGK1eVtDf6si8rg2lhnUjsVLMFMfbRIuwA=="
    },
    "core-util-is": {
      "version": "1.0.2",
      "resolved": "https://registry.npmjs.org/core-util-is/-/core-util-is-1.0.2.tgz",
      "integrity": "sha1-tf1UIgqivFq1eqtxQMlAdUUDwac="
    },
    "datadog-metrics": {
      "version": "0.8.1",
      "resolved": "https://registry.npmjs.org/datadog-metrics/-/datadog-metrics-0.8.1.tgz",
      "integrity": "sha512-qTSKnddO6GxTJW9FYpmWjvvift3qfyMurDjwNjJnJhBk76pBdDhC0B5V9V+XwPdn4r42qu48kwXNuHJslXlDOA==",
      "requires": {
        "debug": "3.1.0",
        "dogapi": "1.1.0"
      }
    },
    "debug": {
      "version": "3.1.0",
      "resolved": "https://registry.npmjs.org/debug/-/debug-3.1.0.tgz",
      "integrity": "sha512-OX8XqP7/1a9cqkxYw2yXss15f26NKWBpDXQd0/uK/KPqdQhxbPa994hnzjcE2VqQpDslf55723cKPUOGSmMY3g==",
      "requires": {
        "ms": "2.0.0"
      }
    },
    "deep-extend": {
      "version": "0.6.0",
      "resolved": "https://registry.npmjs.org/deep-extend/-/deep-extend-0.6.0.tgz",
      "integrity": "sha512-LOHxIOaPYdHlJRtCQfDIVZtfw/ufM8+rVj649RIHzcm/vGwQRXFt6OPqIFWsm2XEMrNIEtWR64sY1LEKD2vAOA=="
    },
    "delayed-stream": {
      "version": "1.0.0",
      "resolved": "https://registry.npmjs.org/delayed-stream/-/delayed-stream-1.0.0.tgz",
      "integrity": "sha1-3zrhmayt+31ECqrgsp4icrJOxhk="
    },
    "depd": {
      "version": "1.1.2",
      "resolved": "https://registry.npmjs.org/depd/-/depd-1.1.2.tgz",
      "integrity": "sha1-m81S4UwJd2PnSbJ0xDRu0uVgtak="
    },
    "dogapi": {
      "version": "1.1.0",
      "resolved": "https://registry.npmjs.org/dogapi/-/dogapi-1.1.0.tgz",
      "integrity": "sha1-caQ4Za1LtMsYvD4Tz3aZcfUBAwo=",
      "requires": {
        "extend": "^3.0.0",
        "json-bigint": "^0.1.4",
        "minimist": "^1.1.1",
        "rc": "^1.0.0"
      }
    },
    "extend": {
      "version": "3.0.2",
      "resolved": "https://registry.npmjs.org/extend/-/extend-3.0.2.tgz",
      "integrity": "sha512-fjquC59cD7CyW6urNXK0FBufkZcoiGG80wTuPujX590cB5Ttln20E2UB4S/WARVqhXffZl2LNgS+gQdPIIim/g=="
    },
    "fast-deep-equal": {
      "version": "3.1.1",
      "resolved": "https://registry.npmjs.org/fast-deep-equal/-/fast-deep-equal-3.1.1.tgz",
      "integrity": "sha512-8UEa58QDLauDNfpbrX55Q9jrGHThw2ZMdOky5Gl1CDtVeJDPVrG4Jxx1N8jw2gkWaff5UUuX1KJd+9zGe2B+ZA=="
    },
    "fast-json-stable-stringify": {
      "version": "2.1.0",
      "resolved": "https://registry.npmjs.org/fast-json-stable-stringify/-/fast-json-stable-stringify-2.1.0.tgz",
      "integrity": "sha512-lhd/wF+Lk98HZoTCtlVraHtfh5XYijIjalXck7saUtuanSDyLMxnHhSXEDJqHxD7msR8D0uCmqlkwjCV8xvwHw=="
    },
    "form-data": {
      "version": "2.5.1",
      "resolved": "https://registry.npmjs.org/form-data/-/form-data-2.5.1.tgz",
      "integrity": "sha512-m21N3WOmEEURgk6B9GLOE4RuWOFf28Lhh9qGYeNlGq4VDXUlJy2th2slBNU8Gp8EzloYZOibZJ7t5ecIrFSjVA==",
      "requires": {
        "asynckit": "^0.4.0",
        "combined-stream": "^1.0.6",
        "mime-types": "^2.1.12"
      }
    },
    "formidable": {
      "version": "1.2.2",
      "resolved": "https://registry.npmjs.org/formidable/-/formidable-1.2.2.tgz",
      "integrity": "sha512-V8gLm+41I/8kguQ4/o1D3RIHRmhYFG4pnNyonvua+40rqcEmT4+V71yaZ3B457xbbgCsCfjSPi65u/W6vK1U5Q=="
    },
    "http-errors": {
      "version": "1.7.3",
      "resolved": "https://registry.npmjs.org/http-errors/-/http-errors-1.7.3.tgz",
      "integrity": "sha512-ZTTX0MWrsQ2ZAhA1cejAwDLycFsd7I7nVtnkT3Ol0aqodaKW+0CTZDQ1uBv5whptCnc8e8HeRRJxRs0kmm/Qfw==",
      "requires": {
        "depd": "~1.1.2",
        "inherits": "2.0.4",
        "setprototypeof": "1.1.1",
        "statuses": ">= 1.5.0 < 2",
        "toidentifier": "1.0.0"
      }
    },
    "inherits": {
      "version": "2.0.4",
      "resolved": "https://registry.npmjs.org/inherits/-/inherits-2.0.4.tgz",
      "integrity": "sha512-k/vGaX4/Yla3WzyMCvTQOXYeIHvqOKtnqBduzTHpzpQZzAskKMhZ2K+EnBiSM9zGSoIFeMpXKxa4dYeZIQqewQ=="
    },
    "ini": {
      "version": "1.3.5",
      "resolved": "https://registry.npmjs.org/ini/-/ini-1.3.5.tgz",
      "integrity": "sha512-RZY5huIKCMRWDUqZlEi72f/lmXKMvuszcMBduliQ3nnWbx9X/ZBQO7DijMEYS9EhHBb2qacRUMtC7svLwe0lcw=="
    },
    "isarray": {
      "version": "1.0.0",
      "resolved": "https://registry.npmjs.org/isarray/-/isarray-1.0.0.tgz",
      "integrity": "sha1-u5NdSFgsuhaMBoNJV6VKPgcSTxE="
    },
    "json-bigint": {
      "version": "0.1.4",
      "resolved": "https://registry.npmjs.org/json-bigint/-/json-bigint-0.1.4.tgz",
      "integrity": "sha1-tdQLipAJ6S8Vf3wHnbCXABgw4B4=",
      "requires": {
        "bignumber.js": "~1.1.1"
      }
    },
    "json-mask": {
      "version": "0.3.9",
      "resolved": "https://registry.npmjs.org/json-mask/-/json-mask-0.3.9.tgz",
      "integrity": "sha512-RRu7bf7vzOohKMrU5pD9+fROMltTegWj2trZlPNr7hXekptFGkOZo4S63Jdx2X1GR7IK6rEVvXkQKY+2TPs0PA=="
    },
    "json-schema-traverse": {
      "version": "0.4.1",
      "resolved": "https://registry.npmjs.org/json-schema-traverse/-/json-schema-traverse-0.4.1.tgz",
      "integrity": "sha512-xbbCH5dCYU5T8LcEhhuh7HJ88HXuW3qsI3Y0zOZFKfZEHcpWiHU/Jxzk629Brsab/mMiHQti9wMP+845RPe3Vg=="
    },
    "lodash.chunk": {
      "version": "4.2.0",
      "resolved": "https://registry.npmjs.org/lodash.chunk/-/lodash.chunk-4.2.0.tgz",
      "integrity": "sha1-ZuXOH3btJ7QwPYxlEujRIW6BBrw="
    },
    "methods": {
      "version": "1.1.2",
      "resolved": "https://registry.npmjs.org/methods/-/methods-1.1.2.tgz",
      "integrity": "sha1-VSmk1nZUE07cxSZmVoNbD4Ua/O4="
    },
    "middy": {
      "version": "0.15.10",
      "resolved": "https://registry.npmjs.org/middy/-/middy-0.15.10.tgz",
      "integrity": "sha1-RbBik/LxcgTXTYeJS6TrbhyDuVI=",
      "requires": {
        "@types/aws-lambda": "^8.10.1",
        "@types/http-errors": "^1.6.1",
        "ajv": "^6.0.0",
        "ajv-i18n": "^3.1.0",
        "ajv-keywords": "^3.0.0",
        "content-type": "^1.0.4",
        "http-errors": "^1.6.2",
        "json-mask": "^0.3.8",
        "negotiator": "^0.6.1",
        "once": "^1.4.0",
        "qs": "^6.5.0",
        "querystring": "^0.2.0"
      }
    },
    "mime": {
      "version": "1.6.0",
      "resolved": "https://registry.npmjs.org/mime/-/mime-1.6.0.tgz",
      "integrity": "sha512-x0Vn8spI+wuJ1O6S7gnbaQg8Pxh4NNHb7KSINmEWKiPE4RKOplvijn+NkmYmmRgP68mc70j2EbeTFRsrswaQeg=="
    },
    "mime-db": {
      "version": "1.44.0",
      "resolved": "https://registry.npmjs.org/mime-db/-/mime-db-1.44.0.tgz",
      "integrity": "sha512-/NOTfLrsPBVeH7YtFPgsVWveuL+4SjjYxaQ1xtM1KMFj7HdxlBlxeyNLzhyJVx7r4rZGJAZ/6lkKCitSc/Nmpg=="
    },
    "mime-types": {
      "version": "2.1.27",
      "resolved": "https://registry.npmjs.org/mime-types/-/mime-types-2.1.27.tgz",
      "integrity": "sha512-JIhqnCasI9yD+SsmkquHBxTSEuZdQX5BuQnS2Vc7puQQQ+8yiP5AY5uWhpdv4YL4VM5c6iliiYWPgJ/nJQLp7w==",
      "requires": {
        "mime-db": "1.44.0"
      }
    },
    "minimist": {
      "version": "1.2.5",
      "resolved": "https://registry.npmjs.org/minimist/-/minimist-1.2.5.tgz",
      "integrity": "sha512-FM9nNUYrRBAELZQT3xeZQ7fmMOBg6nWNmJKTcgsJeaLstP/UODVpGsr5OhXhhXg6f+qtJ8uiZ+PUxkDWcgIXLw=="
    },
    "ms": {
      "version": "2.0.0",
      "resolved": "https://registry.npmjs.org/ms/-/ms-2.0.0.tgz",
      "integrity": "sha1-VgiurfwAvmwpAd9fmGF4jeDVl8g="
    },
    "negotiator": {
      "version": "0.6.2",
      "resolved": "https://registry.npmjs.org/negotiator/-/negotiator-0.6.2.tgz",
      "integrity": "sha512-hZXc7K2e+PgeI1eDBe/10Ard4ekbfrrqG8Ep+8Jmf4JID2bNg7NvCPOZN+kfF574pFQI7mum2AUqDidoKqcTOw=="
    },
    "once": {
      "version": "1.4.0",
      "resolved": "https://registry.npmjs.org/once/-/once-1.4.0.tgz",
      "integrity": "sha1-WDsap3WWHUsROsF9nFC6753Xa9E=",
      "requires": {
        "wrappy": "1"
      }
    },
    "process-nextick-args": {
      "version": "2.0.1",
      "resolved": "https://registry.npmjs.org/process-nextick-args/-/process-nextick-args-2.0.1.tgz",
      "integrity": "sha512-3ouUOpQhtgrbOa17J7+uxOTpITYWaGP7/AhoR3+A+/1e9skrzelGi/dXzEYyvbxubEF6Wn2ypscTKiKJFFn1ag=="
    },
    "punycode": {
      "version": "2.1.1",
      "resolved": "https://registry.npmjs.org/punycode/-/punycode-2.1.1.tgz",
      "integrity": "sha512-XRsRjdf+j5ml+y/6GKHPZbrF/8p2Yga0JPtdqTIY2Xe5ohJPD9saDJJLPvp9+NSBprVvevdXZybnj2cv8OEd0A=="
    },
    "qs": {
      "version": "6.9.4",
      "resolved": "https://registry.npmjs.org/qs/-/qs-6.9.4.tgz",
      "integrity": "sha512-A1kFqHekCTM7cz0udomYUoYNWjBebHm/5wzU/XqrBRBNWectVH0QIiN+NEcZ0Dte5hvzHwbr8+XQmguPhJ6WdQ=="
    },
    "querystring": {
      "version": "0.2.0",
      "resolved": "https://registry.npmjs.org/querystring/-/querystring-0.2.0.tgz",
      "integrity": "sha1-sgmEkgO7Jd+CDadW50cAWHhSFiA="
    },
    "rc": {
      "version": "1.2.8",
      "resolved": "https://registry.npmjs.org/rc/-/rc-1.2.8.tgz",
      "integrity": "sha512-y3bGgqKj3QBdxLbLkomlohkvsA8gdAiUQlSBJnBhfn+BPxg4bc62d8TcBW15wavDfgexCgccckhcZvywyQYPOw==",
      "requires": {
        "deep-extend": "^0.6.0",
        "ini": "~1.3.0",
        "minimist": "^1.2.0",
        "strip-json-comments": "~2.0.1"
      }
    },
    "readable-stream": {
      "version": "2.3.7",
      "resolved": "https://registry.npmjs.org/readable-stream/-/readable-stream-2.3.7.tgz",
      "integrity": "sha512-Ebho8K4jIbHAxnuxi7o42OrZgF/ZTNcsZj6nRKyUmkhLFq8CHItp/fy6hQZuZmP/n3yZ9VBUbp4zz/mX8hmYPw==",
      "requires": {
        "core-util-is": "~1.0.0",
        "inherits": "~2.0.3",
        "isarray": "~1.0.0",
        "process-nextick-args": "~2.0.0",
        "safe-buffer": "~5.1.1",
        "string_decoder": "~1.1.1",
        "util-deprecate": "~1.0.1"
      }
    },
    "safe-buffer": {
      "version": "5.1.2",
      "resolved": "https://registry.npmjs.org/safe-buffer/-/safe-buffer-5.1.2.tgz",
      "integrity": "sha512-Gd2UZBJDkXlY7GbJxfsE8/nvKkUEU1G38c1siN6QP6a9PT9MmHB8GnpscSmMJSoF8LOIrt8ud/wPtojys4G6+g=="
    },
    "setprototypeof": {
      "version": "1.1.1",
      "resolved": "https://registry.npmjs.org/setprototypeof/-/setprototypeof-1.1.1.tgz",
      "integrity": "sha512-JvdAWfbXeIGaZ9cILp38HntZSFSo3mWg6xGcJJsd+d4aRMOqauag1C63dJfDw7OaMYwEbHMOxEZ1lqVRYP2OAw=="
    },
    "statuses": {
      "version": "1.5.0",
      "resolved": "https://registry.npmjs.org/statuses/-/statuses-1.5.0.tgz",
      "integrity": "sha1-Fhx9rBd2Wf2YEfQ3cfqZOBR4Yow="
    },
    "string_decoder": {
      "version": "1.1.1",
      "resolved": "https://registry.npmjs.org/string_decoder/-/string_decoder-1.1.1.tgz",
      "integrity": "sha512-n/ShnvDi6FHbbVfviro+WojiFzv+s8MPMHBczVePfUpDJLwoLT0ht1l4YwBCbi8pJAveEEdnkHyPyTP/mzRfwg==",
      "requires": {
        "safe-buffer": "~5.1.0"
      }
    },
    "strip-json-comments": {
      "version": "2.0.1",
      "resolved": "https://registry.npmjs.org/strip-json-comments/-/strip-json-comments-2.0.1.tgz",
      "integrity": "sha1-PFMZQukIwml8DsNEhYwobHygpgo="
    },
    "superagent": {
      "version": "3.8.3",
      "resolved": "https://registry.npmjs.org/superagent/-/superagent-3.8.3.tgz",
      "integrity": "sha512-GLQtLMCoEIK4eDv6OGtkOoSMt3D+oq0y3dsxMuYuDvaNUvuT8eFBuLmfR0iYYzHC1e8hpzC6ZsxbuP6DIalMFA==",
      "requires": {
        "component-emitter": "^1.2.0",
        "cookiejar": "^2.1.0",
        "debug": "^3.1.0",
        "extend": "^3.0.0",
        "form-data": "^2.3.1",
        "formidable": "^1.2.0",
        "methods": "^1.1.1",
        "mime": "^1.4.1",
        "qs": "^6.5.1",
        "readable-stream": "^2.3.5"
      }
    },
    "superagent-promise": {
      "version": "1.1.0",
      "resolved": "https://registry.npmjs.org/superagent-promise/-/superagent-promise-1.1.0.tgz",
      "integrity": "sha1-uvIti73UOamwfdEPjAj1T+JQNTM="
    },
    "toidentifier": {
      "version": "1.0.0",
      "resolved": "https://registry.npmjs.org/toidentifier/-/toidentifier-1.0.0.tgz",
      "integrity": "sha512-yaOH/Pk/VEhBWWTlhI+qXxDFXlejDGcQipMlyxda9nthulaxLZUNcUqFxokp0vcYnvteJln5FNQDRrxj3YcbVw=="
    },
    "uri-js": {
      "version": "4.2.2",
      "resolved": "https://registry.npmjs.org/uri-js/-/uri-js-4.2.2.tgz",
      "integrity": "sha512-KY9Frmirql91X2Qgjry0Wd4Y+YTdrdZheS8TFwvkbLWf/G5KNJDCh6pKL5OZctEW4+0Baa5idK2ZQuELRwPznQ==",
      "requires": {
        "punycode": "^2.1.0"
      }
    },
    "util-deprecate": {
      "version": "1.0.2",
      "resolved": "https://registry.npmjs.org/util-deprecate/-/util-deprecate-1.0.2.tgz",
      "integrity": "sha1-RQ1Nyfpw3nMnYvvS1KKJgUGaDM8="
    },
    "wrappy": {
      "version": "1.0.2",
      "resolved": "https://registry.npmjs.org/wrappy/-/wrappy-1.0.2.tgz",
      "integrity": "sha1-tSQ9jz7BqjXxNkYFvA0QNuMKtp8="
    }
  }
}
