{
  "name": "@perform/lambda-powertools-datadog-metrics",
  "version": "0.1.0",
  "lockfileVersion": 1,
  "requires": true,
  "dependencies": {
    "bignumber.js": {
      "version": "1.1.1",
      "resolved": "https://registry.npmjs.org/bignumber.js/-/bignumber.js-1.1.1.tgz",
      "integrity": "sha1-GkFdmsAUwTJWrx/u2dGj5XF6jPc="
    },
    "datadog-metrics": {
      "version": "0.8.1",
      "resolved": "https://registry.npmjs.org/datadog-metrics/-/datadog-metrics-0.8.1.tgz",
      "integrity": "sha512-qTSKnddO6GxTJW9FYpmWjvvift3qfyMurDjwNjJnJhBk76pBdDhC0B5V9V+XwPdn4r42qu48kwXNuHJslXlDOA==",
      "requires": {
        "debug": "3.1.0",
        "dogapi": "1.1.0"
      }
    },
    "debug": {
      "version": "3.1.0",
      "resolved": "https://registry.npmjs.org/debug/-/debug-3.1.0.tgz",
      "integrity": "sha512-OX8XqP7/1a9cqkxYw2yXss15f26NKWBpDXQd0/uK/KPqdQhxbPa994hnzjcE2VqQpDslf55723cKPUOGSmMY3g==",
      "requires": {
        "ms": "2.0.0"
      }
    },
    "deep-extend": {
      "version": "0.5.1",
      "resolved": "https://registry.npmjs.org/deep-extend/-/deep-extend-0.5.1.tgz",
      "integrity": "sha512-N8vBdOa+DF7zkRrDCsaOXoCs/E2fJfx9B9MrKnnSiHNh4ws7eSys6YQE4KvT1cecKmOASYQBhbKjeuDD9lT81w=="
    },
    "dogapi": {
      "version": "1.1.0",
      "resolved": "https://registry.npmjs.org/dogapi/-/dogapi-1.1.0.tgz",
      "integrity": "sha1-caQ4Za1LtMsYvD4Tz3aZcfUBAwo=",
      "requires": {
        "extend": "3.0.1",
        "json-bigint": "0.1.4",
        "minimist": "1.2.0",
        "rc": "1.2.7"
      }
    },
    "extend": {
      "version": "3.0.1",
      "resolved": "https://registry.npmjs.org/extend/-/extend-3.0.1.tgz",
      "integrity": "sha1-p1Xqe8Gt/MWjHOfnYtuq3F5jZEQ="
    },
    "ini": {
      "version": "1.3.5",
      "resolved": "https://registry.npmjs.org/ini/-/ini-1.3.5.tgz",
      "integrity": "sha512-RZY5huIKCMRWDUqZlEi72f/lmXKMvuszcMBduliQ3nnWbx9X/ZBQO7DijMEYS9EhHBb2qacRUMtC7svLwe0lcw=="
    },
    "json-bigint": {
      "version": "0.1.4",
      "resolved": "https://registry.npmjs.org/json-bigint/-/json-bigint-0.1.4.tgz",
      "integrity": "sha1-tdQLipAJ6S8Vf3wHnbCXABgw4B4=",
      "requires": {
        "bignumber.js": "1.1.1"
      }
    },
    "minimist": {
      "version": "1.2.0",
      "resolved": "https://registry.npmjs.org/minimist/-/minimist-1.2.0.tgz",
      "integrity": "sha1-o1AIsg9BOD7sH7kU9M1d95omQoQ="
    },
    "ms": {
      "version": "2.0.0",
      "resolved": "https://registry.npmjs.org/ms/-/ms-2.0.0.tgz",
      "integrity": "sha1-VgiurfwAvmwpAd9fmGF4jeDVl8g="
    },
    "rc": {
      "version": "1.2.7",
      "resolved": "https://registry.npmjs.org/rc/-/rc-1.2.7.tgz",
      "integrity": "sha512-LdLD8xD4zzLsAT5xyushXDNscEjB7+2ulnl8+r1pnESlYtlJtVSoCMBGr30eDRJ3+2Gq89jK9P9e4tCEH1+ywA==",
      "requires": {
        "deep-extend": "0.5.1",
        "ini": "1.3.5",
        "minimist": "1.2.0",
        "strip-json-comments": "2.0.1"
      }
    },
    "strip-json-comments": {
      "version": "2.0.1",
      "resolved": "https://registry.npmjs.org/strip-json-comments/-/strip-json-comments-2.0.1.tgz",
      "integrity": "sha1-PFMZQukIwml8DsNEhYwobHygpgo="
    }
  }
}
